// !$*UTF8*$!
{
	archiveVersion = 1;
	classes = {
	};
	objectVersion = 56;
	objects = {

/* Begin PBXBuildFile section */
		1C50541D2A0AAC2A00E8D287 /* ReturnNewArrayWithExponentiatedAllItemsChallenge_Yurchenko.swift in Sources */ = {isa = PBXBuildFile; fileRef = 1C50541C2A0AAC2A00E8D287 /* ReturnNewArrayWithExponentiatedAllItemsChallenge_Yurchenko.swift */; };
		1C7D32972A0B658F00131F91 /* (null) in Sources */ = {isa = PBXBuildFile; };
		1C7D32982A0B658F00131F91 /* ArrayValidatorChallenge_Kharchenko.swift in Sources */ = {isa = PBXBuildFile; fileRef = 1C7D32962A0B658E00131F91 /* ArrayValidatorChallenge_Kharchenko.swift */; };
		1C7D32A52A0B77ED00131F91 /* ArrayValidatorChallenge_Yurchenko.swift in Sources */ = {isa = PBXBuildFile; fileRef = 1C7D32A42A0B77ED00131F91 /* ArrayValidatorChallenge_Yurchenko.swift */; };
		1C7D32A72A0B780700131F91 /* ReturnLastElementOfArrayIfExistChallenge_Yurchenko.swift in Sources */ = {isa = PBXBuildFile; fileRef = 1C7D32A62A0B780700131F91 /* ReturnLastElementOfArrayIfExistChallenge_Yurchenko.swift */; };
		1C7D32AE2A0B7DA800131F91 /* Return5thElemntOfArrayIfExistsChallenge_Yurchenko.swift in Sources */ = {isa = PBXBuildFile; fileRef = 1C7D32AD2A0B7DA800131F91 /* Return5thElemntOfArrayIfExistsChallenge_Yurchenko.swift */; };
		1C89A74A29F92F7900B71E9D /* CheckIfGivenNumberPairedOrLessThan33Challenge_Yurchenko.swift in Sources */ = {isa = PBXBuildFile; fileRef = 1C89A74929F92F7900B71E9D /* CheckIfGivenNumberPairedOrLessThan33Challenge_Yurchenko.swift */; };
		1CA542E82A0ABD97002B1CCF /* CheckIfInputValueBiggerThan18Challenge_Yurchenko.swift in Sources */ = {isa = PBXBuildFile; fileRef = 1CA542E72A0ABD97002B1CCF /* CheckIfInputValueBiggerThan18Challenge_Yurchenko.swift */; };
		1CFC0B4F2A01903700EF4933 /* SumOfAllUnpairedNumbersAndExcept9Challenge_Yurchenko.swift in Sources */ = {isa = PBXBuildFile; fileRef = 1CFC0B4E2A01903700EF4933 /* SumOfAllUnpairedNumbersAndExcept9Challenge_Yurchenko.swift */; };
		3302A58C2A0252CB009BEAA4 /* ReturnNewArrayWithExponentiatedAllItemsChallenge_Kharchenko.swift in Sources */ = {isa = PBXBuildFile; fileRef = 3302A58B2A0252CB009BEAA4 /* ReturnNewArrayWithExponentiatedAllItemsChallenge_Kharchenko.swift */; };
		33037CDC29F55FC300962098 /* MinimumNumberInList_Kharchenko.swift in Sources */ = {isa = PBXBuildFile; fileRef = 33037CDB29F55FC300962098 /* MinimumNumberInList_Kharchenko.swift */; };
		331B56E929F92AEF00B0326F /* Return5thElemntOfArrayIfExistsChallenge_Kharchenko.swift in Sources */ = {isa = PBXBuildFile; fileRef = 331B56E829F92AEF00B0326F /* Return5thElemntOfArrayIfExistsChallenge_Kharchenko.swift */; };
		332E2F6D29F82CA3003B2BE3 /* CheckIfInputValueBiggerThan18Challenge_Kharchenko.swift in Sources */ = {isa = PBXBuildFile; fileRef = 332E2F6C29F82CA3003B2BE3 /* CheckIfInputValueBiggerThan18Challenge_Kharchenko.swift */; };
		336057572A097563000CCFC8 /* ReturnSumOfFirstAndLastElementChallenge_Kharchenko.swift in Sources */ = {isa = PBXBuildFile; fileRef = 336057562A097563000CCFC8 /* ReturnSumOfFirstAndLastElementChallenge_Kharchenko.swift */; };
		3360950F29F1B759009EE530 /* SumatorChallenge_Kharchenko.swift in Sources */ = {isa = PBXBuildFile; fileRef = 3360950E29F1B759009EE530 /* SumatorChallenge_Kharchenko.swift */; };
		339F20242A0194CB00D33D0A /* CalculateHowMany22InArrayChallenge_Kharchenko.swift in Sources */ = {isa = PBXBuildFile; fileRef = 339F20232A0194CB00D33D0A /* CalculateHowMany22InArrayChallenge_Kharchenko.swift */; };
		339F20272A01A70C00D33D0A /* FoundSumOfItemsInArrayOrReturnNilChallenge_Kharchenko.swift in Sources */ = {isa = PBXBuildFile; fileRef = 339F20262A01A70C00D33D0A /* FoundSumOfItemsInArrayOrReturnNilChallenge_Kharchenko.swift */; };
		339F202A2A01A91400D33D0A /* FoundAllNumberDivisableOn3Challange_Kharchenko.swift in Sources */ = {isa = PBXBuildFile; fileRef = 339F20292A01A91400D33D0A /* FoundAllNumberDivisableOn3Challange_Kharchenko.swift */; };
		33D3815C29F1446300849889 /* IntegersAcceptorChallenge_Kharchenko.swift in Sources */ = {isa = PBXBuildFile; fileRef = 33D3815B29F1446300849889 /* IntegersAcceptorChallenge_Kharchenko.swift */; };
		33D8FF1129F9251C00AFEB37 /* ReturnLastElementOfArrayIfExistChallenge_Kharchenko.swift in Sources */ = {isa = PBXBuildFile; fileRef = 33D8FF1029F9251C00AFEB37 /* ReturnLastElementOfArrayIfExistChallenge_Kharchenko.swift */; };
		33DCCF952A09248000FC22A7 /* CountDuplicatesChallenge_Kharchenko.swift in Sources */ = {isa = PBXBuildFile; fileRef = 33DCCF942A09248000FC22A7 /* CountDuplicatesChallenge_Kharchenko.swift */; };
		33E3D5C12A08174900BBA644 /* FindAndReturnAllPairedNumbersChallenge_Kharchenko.swift in Sources */ = {isa = PBXBuildFile; fileRef = 33E3D5C02A08174900BBA644 /* FindAndReturnAllPairedNumbersChallenge_Kharchenko.swift */; };
		484987AA29FBDBA400D84B0D /* CountDuplicatesChallenge_Yakunin.swift in Sources */ = {isa = PBXBuildFile; fileRef = 484987A929FBDBA400D84B0D /* CountDuplicatesChallenge_Yakunin.swift */; };
		484987AD29FBDDBC00D84B0D /* PairedOrUnpairedNumbersChallenge_Yakunin.swift in Sources */ = {isa = PBXBuildFile; fileRef = 484987AC29FBDDBC00D84B0D /* PairedOrUnpairedNumbersChallenge_Yakunin.swift */; };
		4880EBD72A0196B900FD9C9B /* FindExtremumsInListChallenge_Yakunin.swift in Sources */ = {isa = PBXBuildFile; fileRef = 4880EBD62A0196B900FD9C9B /* FindExtremumsInListChallenge_Yakunin.swift */; };
		4891DE8929F5B61C00603081 /* SumatorChallenge_Yakunin.swift in Sources */ = {isa = PBXBuildFile; fileRef = 4891DE8829F5B61C00603081 /* SumatorChallenge_Yakunin.swift */; };
		48A784342A042DAF00E26E67 /* IntegersAcceptorChallenge_Yakunin.swift in Sources */ = {isa = PBXBuildFile; fileRef = 48A784332A042DAF00E26E67 /* IntegersAcceptorChallenge_Yakunin.swift */; };
		48A7843A2A04594C00E26E67 /* FirstIndexOfSearchedItemChallenge_Yakunin.swift in Sources */ = {isa = PBXBuildFile; fileRef = 48A784392A04594C00E26E67 /* FirstIndexOfSearchedItemChallenge_Yakunin.swift */; };
		48C676AF29F9680C00435A24 /* FindIndexOfSearchedNumberChallenge_Yakunin.swift in Sources */ = {isa = PBXBuildFile; fileRef = 48C676AE29F9680C00435A24 /* FindIndexOfSearchedNumberChallenge_Yakunin.swift */; };
		48E1E5322A0ABFE0000C905C /* FirstAndLastStringChallenge_Yakunin.swift in Sources */ = {isa = PBXBuildFile; fileRef = 48E1E5312A0ABFE0000C905C /* FirstAndLastStringChallenge_Yakunin.swift */; };
		8D3C8F3F2A080DA500683658 /* ReturnSumOfFirstAndLastElementChallenge_Yurchenko.swift in Sources */ = {isa = PBXBuildFile; fileRef = 8D3C8F3E2A080DA500683658 /* ReturnSumOfFirstAndLastElementChallenge_Yurchenko.swift */; };
		8D3C8F412A080DE800683658 /* SumOfAllUnpairedNumbersAndExcept9Challenge_Kharchenko.swift in Sources */ = {isa = PBXBuildFile; fileRef = 8D3C8F402A080DE800683658 /* SumOfAllUnpairedNumbersAndExcept9Challenge_Kharchenko.swift */; };
		8D43009E29EFE30D007BDE1A /* ProblemSolvingMentoringSession.framework in Frameworks */ = {isa = PBXBuildFile; fileRef = 8D43009529EFE30D007BDE1A /* ProblemSolvingMentoringSession.framework */; };
		8D4300AF29EFE367007BDE1A /* SumatorChallengeProtocol.swift in Sources */ = {isa = PBXBuildFile; fileRef = 8D4300AE29EFE367007BDE1A /* SumatorChallengeProtocol.swift */; };
		8D4300B129EFE384007BDE1A /* SumatorChallengeTests.swift in Sources */ = {isa = PBXBuildFile; fileRef = 8D4300B029EFE384007BDE1A /* SumatorChallengeTests.swift */; };
		8D4300BA29EFF213007BDE1A /* MinimumNumberInListChallengeProtocol.swift in Sources */ = {isa = PBXBuildFile; fileRef = 8D4300B929EFF213007BDE1A /* MinimumNumberInListChallengeProtocol.swift */; };
		8D4300BF29EFF345007BDE1A /* MinimumNumberInListChallengeTests.swift in Sources */ = {isa = PBXBuildFile; fileRef = 8D4300BE29EFF345007BDE1A /* MinimumNumberInListChallengeTests.swift */; };
		8D4300C229EFF640007BDE1A /* FindExtremumsInListChallengeProtocol.swift in Sources */ = {isa = PBXBuildFile; fileRef = 8D4300C129EFF640007BDE1A /* FindExtremumsInListChallengeProtocol.swift */; };
		8D4300C729EFF7A2007BDE1A /* FindExtremumsInListChallengeTests.swift in Sources */ = {isa = PBXBuildFile; fileRef = 8D4300C629EFF7A2007BDE1A /* FindExtremumsInListChallengeTests.swift */; };
		8D4300CA29F016D6007BDE1A /* AbsoluteDifferenceChallengeProtocol.swift in Sources */ = {isa = PBXBuildFile; fileRef = 8D4300C929F016D6007BDE1A /* AbsoluteDifferenceChallengeProtocol.swift */; };
		8D4300CD29F0172A007BDE1A /* AbsoluteDifferenceChallengeTests.swift in Sources */ = {isa = PBXBuildFile; fileRef = 8D4300CC29F0172A007BDE1A /* AbsoluteDifferenceChallengeTests.swift */; };
		8D4300D029F01ABB007BDE1A /* IntegersAcceptorChallengeProtocol.swift in Sources */ = {isa = PBXBuildFile; fileRef = 8D4300CF29F01ABB007BDE1A /* IntegersAcceptorChallengeProtocol.swift */; };
		8D4300D229F01F28007BDE1A /* IntegersAcceptorChallengeTests.swift in Sources */ = {isa = PBXBuildFile; fileRef = 8D4300D129F01F28007BDE1A /* IntegersAcceptorChallengeTests.swift */; };
		8D4300D529F02138007BDE1A /* README.md in Resources */ = {isa = PBXBuildFile; fileRef = 8D4300D429F02138007BDE1A /* README.md */; };
		8D4300DA29F139E1007BDE1A /* FirstAndLastStringChallengeProtocol.swift in Sources */ = {isa = PBXBuildFile; fileRef = 8D4300D929F139E1007BDE1A /* FirstAndLastStringChallengeProtocol.swift */; };
		8D4300DC29F146A5007BDE1A /* FirstAndLastStringChallengeTests.swift in Sources */ = {isa = PBXBuildFile; fileRef = 8D4300DB29F146A5007BDE1A /* FirstAndLastStringChallengeTests.swift */; };
		8D4300DF29F15565007BDE1A /* FirstIndexOfSearchedItemChallengeProtocol.swift in Sources */ = {isa = PBXBuildFile; fileRef = 8D4300DE29F15565007BDE1A /* FirstIndexOfSearchedItemChallengeProtocol.swift */; };
		8D4300E129F15692007BDE1A /* FirstIndexOfSearchedItemTests.swift in Sources */ = {isa = PBXBuildFile; fileRef = 8D4300E029F15692007BDE1A /* FirstIndexOfSearchedItemTests.swift */; };
		8D4300E429F158F2007BDE1A /* PairedOrUnpairedNumbersChallengeProtocol.swift in Sources */ = {isa = PBXBuildFile; fileRef = 8D4300E329F158F2007BDE1A /* PairedOrUnpairedNumbersChallengeProtocol.swift */; };
		8D4300E629F15A2F007BDE1A /* PairedOrUnpairedNumbersChallengeTests.swift in Sources */ = {isa = PBXBuildFile; fileRef = 8D4300E529F15A2F007BDE1A /* PairedOrUnpairedNumbersChallengeTests.swift */; };
		8D4844EF29FB9AE400307F0E /* CheckIfCountOfInputMoreThan5AndFirstElement10Challenge_Kharchenko.swift in Sources */ = {isa = PBXBuildFile; fileRef = 8D4844EE29FB9AE400307F0E /* CheckIfCountOfInputMoreThan5AndFirstElement10Challenge_Kharchenko.swift */; };
		8D4844F129FB9E6E00307F0E /* CheckIfGivenNumberPairedOrLessThan33Challenge_Kharchenko.swift in Sources */ = {isa = PBXBuildFile; fileRef = 8D4844F029FB9E6E00307F0E /* CheckIfGivenNumberPairedOrLessThan33Challenge_Kharchenko.swift */; };
		8D4844F429FBA1F700307F0E /* FindAndReturnAllPairedNumbersChallenge_Yakunin.swift in Sources */ = {isa = PBXBuildFile; fileRef = 8D4844F329FBA1F700307F0E /* FindAndReturnAllPairedNumbersChallenge_Yakunin.swift */; };
		8D7D749229F7FE0B00AD211F /* AbsoluteDifferenceChallenge_Yakunin.swift in Sources */ = {isa = PBXBuildFile; fileRef = 8D7D749129F7FE0B00AD211F /* AbsoluteDifferenceChallenge_Yakunin.swift */; };
		8D7D749429F7FE2500AD211F /* MinimumNumberInListChallenge_Yakunin.swift in Sources */ = {isa = PBXBuildFile; fileRef = 8D7D749329F7FE2500AD211F /* MinimumNumberInListChallenge_Yakunin.swift */; };
		8D7D749729F7FF7A00AD211F /* CheckIfInputValueBiggerThan18ChallengeProtocol.swift in Sources */ = {isa = PBXBuildFile; fileRef = 8D7D749629F7FF7A00AD211F /* CheckIfInputValueBiggerThan18ChallengeProtocol.swift */; };
		8D7D749929F800B600AD211F /* CheckIfInputValueBiggerThan18Tests.swift in Sources */ = {isa = PBXBuildFile; fileRef = 8D7D749829F800B600AD211F /* CheckIfInputValueBiggerThan18Tests.swift */; };
		8D7D749C29F801D200AD211F /* CheckNumberInRangeOf12And24ChallengeProtocol.swift in Sources */ = {isa = PBXBuildFile; fileRef = 8D7D749B29F801D200AD211F /* CheckNumberInRangeOf12And24ChallengeProtocol.swift */; };
		8D7D749E29F8023300AD211F /* CheckNumberInRangeOf12And24ChallengeTests.swift in Sources */ = {isa = PBXBuildFile; fileRef = 8D7D749D29F8023300AD211F /* CheckNumberInRangeOf12And24ChallengeTests.swift */; };
		8D7D74A129F8036C00AD211F /* ReturnLastElementOfArrayIfExistChallengeProtocol.swift in Sources */ = {isa = PBXBuildFile; fileRef = 8D7D74A029F8036C00AD211F /* ReturnLastElementOfArrayIfExistChallengeProtocol.swift */; };
		8D7D74A329F8040300AD211F /* ReturnLastElementOfArrayIfExistChallengeTests.swift in Sources */ = {isa = PBXBuildFile; fileRef = 8D7D74A229F8040300AD211F /* ReturnLastElementOfArrayIfExistChallengeTests.swift */; };
		8D7D74A629F8048E00AD211F /* Return5thElemntOfArrayIfExistsChallengeProtocol.swift in Sources */ = {isa = PBXBuildFile; fileRef = 8D7D74A529F8048E00AD211F /* Return5thElemntOfArrayIfExistsChallengeProtocol.swift */; };
		8D7D74A829F8051800AD211F /* Return5thElemntOfArrayIfExistsChallengeTests.swift in Sources */ = {isa = PBXBuildFile; fileRef = 8D7D74A729F8051800AD211F /* Return5thElemntOfArrayIfExistsChallengeTests.swift */; };
		8D7D74AB29F805B400AD211F /* ReturnFirstPairNumberInArrayChallengeProtocol.swift in Sources */ = {isa = PBXBuildFile; fileRef = 8D7D74AA29F805B400AD211F /* ReturnFirstPairNumberInArrayChallengeProtocol.swift */; };
		8D7D74AD29F8061800AD211F /* ReturnFirstPairNumberInArrayChallengeTests.swift in Sources */ = {isa = PBXBuildFile; fileRef = 8D7D74AC29F8061800AD211F /* ReturnFirstPairNumberInArrayChallengeTests.swift */; };
		8D7D74B029F8072E00AD211F /* CalculateHowMany22InArrayChallengeProtocol.swift in Sources */ = {isa = PBXBuildFile; fileRef = 8D7D74AF29F8072E00AD211F /* CalculateHowMany22InArrayChallengeProtocol.swift */; };
		8D7D74B229F8080400AD211F /* CalculateHowMany22InArrayChallengeTests.swift in Sources */ = {isa = PBXBuildFile; fileRef = 8D7D74B129F8080400AD211F /* CalculateHowMany22InArrayChallengeTests.swift */; };
		8D7D74B529F80AF400AD211F /* CheckIfCountOfInputMoreThan5AndFirstElement10ChallengeProtocol.swift in Sources */ = {isa = PBXBuildFile; fileRef = 8D7D74B429F80AF400AD211F /* CheckIfCountOfInputMoreThan5AndFirstElement10ChallengeProtocol.swift */; };
		8D7D74B729F80C1800AD211F /* CheckIfCountOfInputMoreThan5AndFirstElement10ChallengeTests.swift in Sources */ = {isa = PBXBuildFile; fileRef = 8D7D74B629F80C1800AD211F /* CheckIfCountOfInputMoreThan5AndFirstElement10ChallengeTests.swift */; };
		8D7D74BA29F80D7F00AD211F /* CheckIfGivenNumberPairedOrLessThan33ChallengeProtocol.swift in Sources */ = {isa = PBXBuildFile; fileRef = 8D7D74B929F80D7F00AD211F /* CheckIfGivenNumberPairedOrLessThan33ChallengeProtocol.swift */; };
		8D7D74BC29F80DEF00AD211F /* CheckIfGivenNumberPairedOrLessThan33ChallengeTests.swift in Sources */ = {isa = PBXBuildFile; fileRef = 8D7D74BB29F80DEF00AD211F /* CheckIfGivenNumberPairedOrLessThan33ChallengeTests.swift */; };
		8D7D74C029FA691700AD211F /* FoundSumOfItemsInArrayOrReturnNilChallengeProtocol.swift in Sources */ = {isa = PBXBuildFile; fileRef = 8D7D74BF29FA691700AD211F /* FoundSumOfItemsInArrayOrReturnNilChallengeProtocol.swift */; };
		8D7D74C229FA69B500AD211F /* FoundSumOfItemsInArrayOrReturnNilChallengeTests.swift in Sources */ = {isa = PBXBuildFile; fileRef = 8D7D74C129FA69B500AD211F /* FoundSumOfItemsInArrayOrReturnNilChallengeTests.swift */; };
		8D7D74C529FA6AA700AD211F /* FoundAllNumberDivisableOn3ChallangeProtocol.swift in Sources */ = {isa = PBXBuildFile; fileRef = 8D7D74C429FA6AA700AD211F /* FoundAllNumberDivisableOn3ChallangeProtocol.swift */; };
		8D7D74C729FA6B0E00AD211F /* FoundAllNumberDivisableOn3ChallangeTests.swift in Sources */ = {isa = PBXBuildFile; fileRef = 8D7D74C629FA6B0E00AD211F /* FoundAllNumberDivisableOn3ChallangeTests.swift */; };
		8D7D74CA29FA6C1900AD211F /* SumOfAllUnpairedNumbersAndExcept9ChallengeProtocol.swift in Sources */ = {isa = PBXBuildFile; fileRef = 8D7D74C929FA6C1900AD211F /* SumOfAllUnpairedNumbersAndExcept9ChallengeProtocol.swift */; };
		8D7D74CC29FA6CB500AD211F /* SumOfAllUnpairedNumbersAndExcept9ChallengeTests.swift in Sources */ = {isa = PBXBuildFile; fileRef = 8D7D74CB29FA6CB500AD211F /* SumOfAllUnpairedNumbersAndExcept9ChallengeTests.swift */; };
		8D7D74CF29FA6E1D00AD211F /* ArrayValidatorChallengeProtocol.swift in Sources */ = {isa = PBXBuildFile; fileRef = 8D7D74CE29FA6E1D00AD211F /* ArrayValidatorChallengeProtocol.swift */; };
		8D7D74D129FA6EF900AD211F /* ArrayValidatorChallengeTests.swift in Sources */ = {isa = PBXBuildFile; fileRef = 8D7D74D029FA6EF900AD211F /* ArrayValidatorChallengeTests.swift */; };
		8D7D74D729FA732700AD211F /* ReturnNewArrayWithExponentiatedAllItemsChallengeProtocol.swift in Sources */ = {isa = PBXBuildFile; fileRef = 8D7D74D629FA732700AD211F /* ReturnNewArrayWithExponentiatedAllItemsChallengeProtocol.swift */; };
		8D7D74D929FA738500AD211F /* ReturnNewArrayWithExponentiatedAllItemsChallengeTests.swift in Sources */ = {isa = PBXBuildFile; fileRef = 8D7D74D829FA738500AD211F /* ReturnNewArrayWithExponentiatedAllItemsChallengeTests.swift */; };
		8D7D74DC29FA74C200AD211F /* ReturnSumOfFirstAndLastElementChallengeProtocol.swift in Sources */ = {isa = PBXBuildFile; fileRef = 8D7D74DB29FA74C200AD211F /* ReturnSumOfFirstAndLastElementChallengeProtocol.swift */; };
		8D7D74DE29FA755900AD211F /* ReturnSumOfFirstAndLastElementChallengeTests.swift in Sources */ = {isa = PBXBuildFile; fileRef = 8D7D74DD29FA755900AD211F /* ReturnSumOfFirstAndLastElementChallengeTests.swift */; };
		8D7D74F329FAADCA00AD211F /* CheckNumberInRangeOf12And24Challenge_Kharchenko.swift in Sources */ = {isa = PBXBuildFile; fileRef = 8D7D74F229FAADCA00AD211F /* CheckNumberInRangeOf12And24Challenge_Kharchenko.swift */; };
		8D7D74F629FAAF6000AD211F /* ReturnFirstPairNumberInArrayChallenge_Kharchenko.swift in Sources */ = {isa = PBXBuildFile; fileRef = 8D7D74F529FAAF6000AD211F /* ReturnFirstPairNumberInArrayChallenge_Kharchenko.swift */; };
		8DCA3B8129F285EB002A185B /* FindIndexOfSearchedNumberChallengeProtocol.swift in Sources */ = {isa = PBXBuildFile; fileRef = 8DCA3B8029F285EB002A185B /* FindIndexOfSearchedNumberChallengeProtocol.swift */; };
		8DCA3B8329F287B8002A185B /* FindIndexOfSearchedNumberChallengeTests.swift in Sources */ = {isa = PBXBuildFile; fileRef = 8DCA3B8229F287B8002A185B /* FindIndexOfSearchedNumberChallengeTests.swift */; };
		8DCA3B8629F289D2002A185B /* CountDuplicatesChallengeProtocol.swift in Sources */ = {isa = PBXBuildFile; fileRef = 8DCA3B8529F289D2002A185B /* CountDuplicatesChallengeProtocol.swift */; };
		8DCA3B8829F28A43002A185B /* CountDuplicatesChallengeTests.swift in Sources */ = {isa = PBXBuildFile; fileRef = 8DCA3B8729F28A43002A185B /* CountDuplicatesChallengeTests.swift */; };
		8DCA3B8A29F28BBF002A185B /* FindAndReturnAllPairedNumbersChallengeProtocol.swift in Sources */ = {isa = PBXBuildFile; fileRef = 8DCA3B8929F28BBF002A185B /* FindAndReturnAllPairedNumbersChallengeProtocol.swift */; };
		8DCA3B8D29F28C0D002A185B /* FindAndReturnAllPairedNumbersChallengeTests.swift in Sources */ = {isa = PBXBuildFile; fileRef = 8DCA3B8C29F28C0D002A185B /* FindAndReturnAllPairedNumbersChallengeTests.swift */; };
		9D6EE8DE2A0AD7AC00E97386 /* FindAndReturnAllPairedNumbersChallenge_Bilyk.swift in Sources */ = {isa = PBXBuildFile; fileRef = 9D6EE8DD2A0AD7AC00E97386 /* FindAndReturnAllPairedNumbersChallenge_Bilyk.swift */; };
/* End PBXBuildFile section */

/* Begin PBXContainerItemProxy section */
		8D43009F29EFE30D007BDE1A /* PBXContainerItemProxy */ = {
			isa = PBXContainerItemProxy;
			containerPortal = 8D43008C29EFE30D007BDE1A /* Project object */;
			proxyType = 1;
			remoteGlobalIDString = 8D43009429EFE30D007BDE1A;
			remoteInfo = ProblemSolvingMentoringSession;
		};
/* End PBXContainerItemProxy section */

/* Begin PBXFileReference section */
		1C50541C2A0AAC2A00E8D287 /* ReturnNewArrayWithExponentiatedAllItemsChallenge_Yurchenko.swift */ = {isa = PBXFileReference; fileEncoding = 4; lastKnownFileType = sourcecode.swift; path = ReturnNewArrayWithExponentiatedAllItemsChallenge_Yurchenko.swift; sourceTree = "<group>"; };
		1C7D32962A0B658E00131F91 /* ArrayValidatorChallenge_Kharchenko.swift */ = {isa = PBXFileReference; fileEncoding = 4; lastKnownFileType = sourcecode.swift; path = ArrayValidatorChallenge_Kharchenko.swift; sourceTree = "<group>"; };
		1C7D32A42A0B77ED00131F91 /* ArrayValidatorChallenge_Yurchenko.swift */ = {isa = PBXFileReference; fileEncoding = 4; lastKnownFileType = sourcecode.swift; path = ArrayValidatorChallenge_Yurchenko.swift; sourceTree = "<group>"; };
		1C7D32A62A0B780700131F91 /* ReturnLastElementOfArrayIfExistChallenge_Yurchenko.swift */ = {isa = PBXFileReference; fileEncoding = 4; lastKnownFileType = sourcecode.swift; path = ReturnLastElementOfArrayIfExistChallenge_Yurchenko.swift; sourceTree = "<group>"; };
		1C7D32AD2A0B7DA800131F91 /* Return5thElemntOfArrayIfExistsChallenge_Yurchenko.swift */ = {isa = PBXFileReference; fileEncoding = 4; lastKnownFileType = sourcecode.swift; path = Return5thElemntOfArrayIfExistsChallenge_Yurchenko.swift; sourceTree = "<group>"; };
		1C89A74929F92F7900B71E9D /* CheckIfGivenNumberPairedOrLessThan33Challenge_Yurchenko.swift */ = {isa = PBXFileReference; lastKnownFileType = sourcecode.swift; path = CheckIfGivenNumberPairedOrLessThan33Challenge_Yurchenko.swift; sourceTree = "<group>"; };
		1CA542E72A0ABD97002B1CCF /* CheckIfInputValueBiggerThan18Challenge_Yurchenko.swift */ = {isa = PBXFileReference; lastKnownFileType = sourcecode.swift; path = CheckIfInputValueBiggerThan18Challenge_Yurchenko.swift; sourceTree = "<group>"; };
		1CFC0B4E2A01903700EF4933 /* SumOfAllUnpairedNumbersAndExcept9Challenge_Yurchenko.swift */ = {isa = PBXFileReference; lastKnownFileType = sourcecode.swift; path = SumOfAllUnpairedNumbersAndExcept9Challenge_Yurchenko.swift; sourceTree = "<group>"; };
		3302A58B2A0252CB009BEAA4 /* ReturnNewArrayWithExponentiatedAllItemsChallenge_Kharchenko.swift */ = {isa = PBXFileReference; lastKnownFileType = sourcecode.swift; path = ReturnNewArrayWithExponentiatedAllItemsChallenge_Kharchenko.swift; sourceTree = "<group>"; };
		33037CDB29F55FC300962098 /* MinimumNumberInList_Kharchenko.swift */ = {isa = PBXFileReference; lastKnownFileType = sourcecode.swift; path = MinimumNumberInList_Kharchenko.swift; sourceTree = "<group>"; };
		331B56E829F92AEF00B0326F /* Return5thElemntOfArrayIfExistsChallenge_Kharchenko.swift */ = {isa = PBXFileReference; lastKnownFileType = sourcecode.swift; path = Return5thElemntOfArrayIfExistsChallenge_Kharchenko.swift; sourceTree = "<group>"; };
		332E2F6C29F82CA3003B2BE3 /* CheckIfInputValueBiggerThan18Challenge_Kharchenko.swift */ = {isa = PBXFileReference; lastKnownFileType = sourcecode.swift; path = CheckIfInputValueBiggerThan18Challenge_Kharchenko.swift; sourceTree = "<group>"; };
		336057562A097563000CCFC8 /* ReturnSumOfFirstAndLastElementChallenge_Kharchenko.swift */ = {isa = PBXFileReference; fileEncoding = 4; lastKnownFileType = sourcecode.swift; path = ReturnSumOfFirstAndLastElementChallenge_Kharchenko.swift; sourceTree = "<group>"; };
		3360950E29F1B759009EE530 /* SumatorChallenge_Kharchenko.swift */ = {isa = PBXFileReference; fileEncoding = 4; lastKnownFileType = sourcecode.swift; path = SumatorChallenge_Kharchenko.swift; sourceTree = "<group>"; };
		339F20232A0194CB00D33D0A /* CalculateHowMany22InArrayChallenge_Kharchenko.swift */ = {isa = PBXFileReference; lastKnownFileType = sourcecode.swift; path = CalculateHowMany22InArrayChallenge_Kharchenko.swift; sourceTree = "<group>"; };
		339F20262A01A70C00D33D0A /* FoundSumOfItemsInArrayOrReturnNilChallenge_Kharchenko.swift */ = {isa = PBXFileReference; lastKnownFileType = sourcecode.swift; path = FoundSumOfItemsInArrayOrReturnNilChallenge_Kharchenko.swift; sourceTree = "<group>"; };
		339F20292A01A91400D33D0A /* FoundAllNumberDivisableOn3Challange_Kharchenko.swift */ = {isa = PBXFileReference; lastKnownFileType = sourcecode.swift; path = FoundAllNumberDivisableOn3Challange_Kharchenko.swift; sourceTree = "<group>"; };
		33D3815B29F1446300849889 /* IntegersAcceptorChallenge_Kharchenko.swift */ = {isa = PBXFileReference; lastKnownFileType = sourcecode.swift; path = IntegersAcceptorChallenge_Kharchenko.swift; sourceTree = "<group>"; };
		33D8FF1029F9251C00AFEB37 /* ReturnLastElementOfArrayIfExistChallenge_Kharchenko.swift */ = {isa = PBXFileReference; lastKnownFileType = sourcecode.swift; path = ReturnLastElementOfArrayIfExistChallenge_Kharchenko.swift; sourceTree = "<group>"; };
		33DCCF942A09248000FC22A7 /* CountDuplicatesChallenge_Kharchenko.swift */ = {isa = PBXFileReference; lastKnownFileType = sourcecode.swift; path = CountDuplicatesChallenge_Kharchenko.swift; sourceTree = "<group>"; };
		33E3D5C02A08174900BBA644 /* FindAndReturnAllPairedNumbersChallenge_Kharchenko.swift */ = {isa = PBXFileReference; lastKnownFileType = sourcecode.swift; path = FindAndReturnAllPairedNumbersChallenge_Kharchenko.swift; sourceTree = "<group>"; };
		484987A929FBDBA400D84B0D /* CountDuplicatesChallenge_Yakunin.swift */ = {isa = PBXFileReference; lastKnownFileType = sourcecode.swift; path = CountDuplicatesChallenge_Yakunin.swift; sourceTree = "<group>"; };
		484987AC29FBDDBC00D84B0D /* PairedOrUnpairedNumbersChallenge_Yakunin.swift */ = {isa = PBXFileReference; lastKnownFileType = sourcecode.swift; path = PairedOrUnpairedNumbersChallenge_Yakunin.swift; sourceTree = "<group>"; };
		4880EBD62A0196B900FD9C9B /* FindExtremumsInListChallenge_Yakunin.swift */ = {isa = PBXFileReference; lastKnownFileType = sourcecode.swift; path = FindExtremumsInListChallenge_Yakunin.swift; sourceTree = "<group>"; };
		4891DE8829F5B61C00603081 /* SumatorChallenge_Yakunin.swift */ = {isa = PBXFileReference; lastKnownFileType = sourcecode.swift; path = SumatorChallenge_Yakunin.swift; sourceTree = "<group>"; };
		48A784332A042DAF00E26E67 /* IntegersAcceptorChallenge_Yakunin.swift */ = {isa = PBXFileReference; lastKnownFileType = sourcecode.swift; path = IntegersAcceptorChallenge_Yakunin.swift; sourceTree = "<group>"; };
		48A784392A04594C00E26E67 /* FirstIndexOfSearchedItemChallenge_Yakunin.swift */ = {isa = PBXFileReference; lastKnownFileType = sourcecode.swift; path = FirstIndexOfSearchedItemChallenge_Yakunin.swift; sourceTree = "<group>"; };
		48C676AE29F9680C00435A24 /* FindIndexOfSearchedNumberChallenge_Yakunin.swift */ = {isa = PBXFileReference; lastKnownFileType = sourcecode.swift; path = FindIndexOfSearchedNumberChallenge_Yakunin.swift; sourceTree = "<group>"; };
		48E1E5312A0ABFE0000C905C /* FirstAndLastStringChallenge_Yakunin.swift */ = {isa = PBXFileReference; fileEncoding = 4; lastKnownFileType = sourcecode.swift; path = FirstAndLastStringChallenge_Yakunin.swift; sourceTree = "<group>"; };
		8D3C8F3E2A080DA500683658 /* ReturnSumOfFirstAndLastElementChallenge_Yurchenko.swift */ = {isa = PBXFileReference; fileEncoding = 4; lastKnownFileType = sourcecode.swift; path = ReturnSumOfFirstAndLastElementChallenge_Yurchenko.swift; sourceTree = "<group>"; };
		8D3C8F402A080DE800683658 /* SumOfAllUnpairedNumbersAndExcept9Challenge_Kharchenko.swift */ = {isa = PBXFileReference; fileEncoding = 4; lastKnownFileType = sourcecode.swift; path = SumOfAllUnpairedNumbersAndExcept9Challenge_Kharchenko.swift; sourceTree = "<group>"; };
		8D43009529EFE30D007BDE1A /* ProblemSolvingMentoringSession.framework */ = {isa = PBXFileReference; explicitFileType = wrapper.framework; includeInIndex = 0; path = ProblemSolvingMentoringSession.framework; sourceTree = BUILT_PRODUCTS_DIR; };
		8D43009D29EFE30D007BDE1A /* ProblemSolvingMentoringSessionTests.xctest */ = {isa = PBXFileReference; explicitFileType = wrapper.cfbundle; includeInIndex = 0; path = ProblemSolvingMentoringSessionTests.xctest; sourceTree = BUILT_PRODUCTS_DIR; };
		8D4300AE29EFE367007BDE1A /* SumatorChallengeProtocol.swift */ = {isa = PBXFileReference; lastKnownFileType = sourcecode.swift; path = SumatorChallengeProtocol.swift; sourceTree = "<group>"; };
		8D4300B029EFE384007BDE1A /* SumatorChallengeTests.swift */ = {isa = PBXFileReference; lastKnownFileType = sourcecode.swift; path = SumatorChallengeTests.swift; sourceTree = "<group>"; };
		8D4300B929EFF213007BDE1A /* MinimumNumberInListChallengeProtocol.swift */ = {isa = PBXFileReference; lastKnownFileType = sourcecode.swift; path = MinimumNumberInListChallengeProtocol.swift; sourceTree = "<group>"; };
		8D4300BE29EFF345007BDE1A /* MinimumNumberInListChallengeTests.swift */ = {isa = PBXFileReference; lastKnownFileType = sourcecode.swift; path = MinimumNumberInListChallengeTests.swift; sourceTree = "<group>"; };
		8D4300C129EFF640007BDE1A /* FindExtremumsInListChallengeProtocol.swift */ = {isa = PBXFileReference; lastKnownFileType = sourcecode.swift; path = FindExtremumsInListChallengeProtocol.swift; sourceTree = "<group>"; };
		8D4300C629EFF7A2007BDE1A /* FindExtremumsInListChallengeTests.swift */ = {isa = PBXFileReference; lastKnownFileType = sourcecode.swift; path = FindExtremumsInListChallengeTests.swift; sourceTree = "<group>"; };
		8D4300C929F016D6007BDE1A /* AbsoluteDifferenceChallengeProtocol.swift */ = {isa = PBXFileReference; lastKnownFileType = sourcecode.swift; path = AbsoluteDifferenceChallengeProtocol.swift; sourceTree = "<group>"; };
		8D4300CC29F0172A007BDE1A /* AbsoluteDifferenceChallengeTests.swift */ = {isa = PBXFileReference; lastKnownFileType = sourcecode.swift; path = AbsoluteDifferenceChallengeTests.swift; sourceTree = "<group>"; };
		8D4300CF29F01ABB007BDE1A /* IntegersAcceptorChallengeProtocol.swift */ = {isa = PBXFileReference; lastKnownFileType = sourcecode.swift; path = IntegersAcceptorChallengeProtocol.swift; sourceTree = "<group>"; };
		8D4300D129F01F28007BDE1A /* IntegersAcceptorChallengeTests.swift */ = {isa = PBXFileReference; lastKnownFileType = sourcecode.swift; path = IntegersAcceptorChallengeTests.swift; sourceTree = "<group>"; };
		8D4300D429F02138007BDE1A /* README.md */ = {isa = PBXFileReference; fileEncoding = 4; lastKnownFileType = net.daringfireball.markdown; path = README.md; sourceTree = "<group>"; };
		8D4300D929F139E1007BDE1A /* FirstAndLastStringChallengeProtocol.swift */ = {isa = PBXFileReference; lastKnownFileType = sourcecode.swift; path = FirstAndLastStringChallengeProtocol.swift; sourceTree = "<group>"; };
		8D4300DB29F146A5007BDE1A /* FirstAndLastStringChallengeTests.swift */ = {isa = PBXFileReference; lastKnownFileType = sourcecode.swift; path = FirstAndLastStringChallengeTests.swift; sourceTree = "<group>"; };
		8D4300DE29F15565007BDE1A /* FirstIndexOfSearchedItemChallengeProtocol.swift */ = {isa = PBXFileReference; lastKnownFileType = sourcecode.swift; path = FirstIndexOfSearchedItemChallengeProtocol.swift; sourceTree = "<group>"; };
		8D4300E029F15692007BDE1A /* FirstIndexOfSearchedItemTests.swift */ = {isa = PBXFileReference; lastKnownFileType = sourcecode.swift; path = FirstIndexOfSearchedItemTests.swift; sourceTree = "<group>"; };
		8D4300E329F158F2007BDE1A /* PairedOrUnpairedNumbersChallengeProtocol.swift */ = {isa = PBXFileReference; lastKnownFileType = sourcecode.swift; path = PairedOrUnpairedNumbersChallengeProtocol.swift; sourceTree = "<group>"; };
		8D4300E529F15A2F007BDE1A /* PairedOrUnpairedNumbersChallengeTests.swift */ = {isa = PBXFileReference; lastKnownFileType = sourcecode.swift; path = PairedOrUnpairedNumbersChallengeTests.swift; sourceTree = "<group>"; };
		8D4844EE29FB9AE400307F0E /* CheckIfCountOfInputMoreThan5AndFirstElement10Challenge_Kharchenko.swift */ = {isa = PBXFileReference; lastKnownFileType = sourcecode.swift; path = CheckIfCountOfInputMoreThan5AndFirstElement10Challenge_Kharchenko.swift; sourceTree = "<group>"; };
		8D4844F029FB9E6E00307F0E /* CheckIfGivenNumberPairedOrLessThan33Challenge_Kharchenko.swift */ = {isa = PBXFileReference; fileEncoding = 4; lastKnownFileType = sourcecode.swift; path = CheckIfGivenNumberPairedOrLessThan33Challenge_Kharchenko.swift; sourceTree = "<group>"; };
		8D4844F329FBA1F700307F0E /* FindAndReturnAllPairedNumbersChallenge_Yakunin.swift */ = {isa = PBXFileReference; fileEncoding = 4; lastKnownFileType = sourcecode.swift; path = FindAndReturnAllPairedNumbersChallenge_Yakunin.swift; sourceTree = "<group>"; };
		8D7D749129F7FE0B00AD211F /* AbsoluteDifferenceChallenge_Yakunin.swift */ = {isa = PBXFileReference; fileEncoding = 4; lastKnownFileType = sourcecode.swift; path = AbsoluteDifferenceChallenge_Yakunin.swift; sourceTree = "<group>"; };
		8D7D749329F7FE2500AD211F /* MinimumNumberInListChallenge_Yakunin.swift */ = {isa = PBXFileReference; fileEncoding = 4; lastKnownFileType = sourcecode.swift; path = MinimumNumberInListChallenge_Yakunin.swift; sourceTree = "<group>"; };
		8D7D749629F7FF7A00AD211F /* CheckIfInputValueBiggerThan18ChallengeProtocol.swift */ = {isa = PBXFileReference; lastKnownFileType = sourcecode.swift; path = CheckIfInputValueBiggerThan18ChallengeProtocol.swift; sourceTree = "<group>"; };
		8D7D749829F800B600AD211F /* CheckIfInputValueBiggerThan18Tests.swift */ = {isa = PBXFileReference; lastKnownFileType = sourcecode.swift; path = CheckIfInputValueBiggerThan18Tests.swift; sourceTree = "<group>"; };
		8D7D749B29F801D200AD211F /* CheckNumberInRangeOf12And24ChallengeProtocol.swift */ = {isa = PBXFileReference; lastKnownFileType = sourcecode.swift; path = CheckNumberInRangeOf12And24ChallengeProtocol.swift; sourceTree = "<group>"; };
		8D7D749D29F8023300AD211F /* CheckNumberInRangeOf12And24ChallengeTests.swift */ = {isa = PBXFileReference; lastKnownFileType = sourcecode.swift; path = CheckNumberInRangeOf12And24ChallengeTests.swift; sourceTree = "<group>"; };
		8D7D74A029F8036C00AD211F /* ReturnLastElementOfArrayIfExistChallengeProtocol.swift */ = {isa = PBXFileReference; lastKnownFileType = sourcecode.swift; path = ReturnLastElementOfArrayIfExistChallengeProtocol.swift; sourceTree = "<group>"; };
		8D7D74A229F8040300AD211F /* ReturnLastElementOfArrayIfExistChallengeTests.swift */ = {isa = PBXFileReference; lastKnownFileType = sourcecode.swift; path = ReturnLastElementOfArrayIfExistChallengeTests.swift; sourceTree = "<group>"; };
		8D7D74A529F8048E00AD211F /* Return5thElemntOfArrayIfExistsChallengeProtocol.swift */ = {isa = PBXFileReference; lastKnownFileType = sourcecode.swift; path = Return5thElemntOfArrayIfExistsChallengeProtocol.swift; sourceTree = "<group>"; };
		8D7D74A729F8051800AD211F /* Return5thElemntOfArrayIfExistsChallengeTests.swift */ = {isa = PBXFileReference; lastKnownFileType = sourcecode.swift; path = Return5thElemntOfArrayIfExistsChallengeTests.swift; sourceTree = "<group>"; };
		8D7D74AA29F805B400AD211F /* ReturnFirstPairNumberInArrayChallengeProtocol.swift */ = {isa = PBXFileReference; lastKnownFileType = sourcecode.swift; path = ReturnFirstPairNumberInArrayChallengeProtocol.swift; sourceTree = "<group>"; };
		8D7D74AC29F8061800AD211F /* ReturnFirstPairNumberInArrayChallengeTests.swift */ = {isa = PBXFileReference; lastKnownFileType = sourcecode.swift; path = ReturnFirstPairNumberInArrayChallengeTests.swift; sourceTree = "<group>"; };
		8D7D74AF29F8072E00AD211F /* CalculateHowMany22InArrayChallengeProtocol.swift */ = {isa = PBXFileReference; lastKnownFileType = sourcecode.swift; path = CalculateHowMany22InArrayChallengeProtocol.swift; sourceTree = "<group>"; };
		8D7D74B129F8080400AD211F /* CalculateHowMany22InArrayChallengeTests.swift */ = {isa = PBXFileReference; lastKnownFileType = sourcecode.swift; path = CalculateHowMany22InArrayChallengeTests.swift; sourceTree = "<group>"; };
		8D7D74B429F80AF400AD211F /* CheckIfCountOfInputMoreThan5AndFirstElement10ChallengeProtocol.swift */ = {isa = PBXFileReference; lastKnownFileType = sourcecode.swift; path = CheckIfCountOfInputMoreThan5AndFirstElement10ChallengeProtocol.swift; sourceTree = "<group>"; };
		8D7D74B629F80C1800AD211F /* CheckIfCountOfInputMoreThan5AndFirstElement10ChallengeTests.swift */ = {isa = PBXFileReference; lastKnownFileType = sourcecode.swift; path = CheckIfCountOfInputMoreThan5AndFirstElement10ChallengeTests.swift; sourceTree = "<group>"; };
		8D7D74B929F80D7F00AD211F /* CheckIfGivenNumberPairedOrLessThan33ChallengeProtocol.swift */ = {isa = PBXFileReference; lastKnownFileType = sourcecode.swift; path = CheckIfGivenNumberPairedOrLessThan33ChallengeProtocol.swift; sourceTree = "<group>"; };
		8D7D74BB29F80DEF00AD211F /* CheckIfGivenNumberPairedOrLessThan33ChallengeTests.swift */ = {isa = PBXFileReference; lastKnownFileType = sourcecode.swift; path = CheckIfGivenNumberPairedOrLessThan33ChallengeTests.swift; sourceTree = "<group>"; };
		8D7D74BF29FA691700AD211F /* FoundSumOfItemsInArrayOrReturnNilChallengeProtocol.swift */ = {isa = PBXFileReference; lastKnownFileType = sourcecode.swift; path = FoundSumOfItemsInArrayOrReturnNilChallengeProtocol.swift; sourceTree = "<group>"; };
		8D7D74C129FA69B500AD211F /* FoundSumOfItemsInArrayOrReturnNilChallengeTests.swift */ = {isa = PBXFileReference; lastKnownFileType = sourcecode.swift; path = FoundSumOfItemsInArrayOrReturnNilChallengeTests.swift; sourceTree = "<group>"; };
		8D7D74C429FA6AA700AD211F /* FoundAllNumberDivisableOn3ChallangeProtocol.swift */ = {isa = PBXFileReference; lastKnownFileType = sourcecode.swift; path = FoundAllNumberDivisableOn3ChallangeProtocol.swift; sourceTree = "<group>"; };
		8D7D74C629FA6B0E00AD211F /* FoundAllNumberDivisableOn3ChallangeTests.swift */ = {isa = PBXFileReference; lastKnownFileType = sourcecode.swift; path = FoundAllNumberDivisableOn3ChallangeTests.swift; sourceTree = "<group>"; };
		8D7D74C929FA6C1900AD211F /* SumOfAllUnpairedNumbersAndExcept9ChallengeProtocol.swift */ = {isa = PBXFileReference; lastKnownFileType = sourcecode.swift; path = SumOfAllUnpairedNumbersAndExcept9ChallengeProtocol.swift; sourceTree = "<group>"; };
		8D7D74CB29FA6CB500AD211F /* SumOfAllUnpairedNumbersAndExcept9ChallengeTests.swift */ = {isa = PBXFileReference; lastKnownFileType = sourcecode.swift; path = SumOfAllUnpairedNumbersAndExcept9ChallengeTests.swift; sourceTree = "<group>"; };
		8D7D74CE29FA6E1D00AD211F /* ArrayValidatorChallengeProtocol.swift */ = {isa = PBXFileReference; lastKnownFileType = sourcecode.swift; path = ArrayValidatorChallengeProtocol.swift; sourceTree = "<group>"; };
		8D7D74D029FA6EF900AD211F /* ArrayValidatorChallengeTests.swift */ = {isa = PBXFileReference; lastKnownFileType = sourcecode.swift; path = ArrayValidatorChallengeTests.swift; sourceTree = "<group>"; };
		8D7D74D629FA732700AD211F /* ReturnNewArrayWithExponentiatedAllItemsChallengeProtocol.swift */ = {isa = PBXFileReference; lastKnownFileType = sourcecode.swift; path = ReturnNewArrayWithExponentiatedAllItemsChallengeProtocol.swift; sourceTree = "<group>"; };
		8D7D74D829FA738500AD211F /* ReturnNewArrayWithExponentiatedAllItemsChallengeTests.swift */ = {isa = PBXFileReference; lastKnownFileType = sourcecode.swift; path = ReturnNewArrayWithExponentiatedAllItemsChallengeTests.swift; sourceTree = "<group>"; };
		8D7D74DB29FA74C200AD211F /* ReturnSumOfFirstAndLastElementChallengeProtocol.swift */ = {isa = PBXFileReference; lastKnownFileType = sourcecode.swift; path = ReturnSumOfFirstAndLastElementChallengeProtocol.swift; sourceTree = "<group>"; };
		8D7D74DD29FA755900AD211F /* ReturnSumOfFirstAndLastElementChallengeTests.swift */ = {isa = PBXFileReference; lastKnownFileType = sourcecode.swift; path = ReturnSumOfFirstAndLastElementChallengeTests.swift; sourceTree = "<group>"; };
		8D7D74F229FAADCA00AD211F /* CheckNumberInRangeOf12And24Challenge_Kharchenko.swift */ = {isa = PBXFileReference; fileEncoding = 4; lastKnownFileType = sourcecode.swift; path = CheckNumberInRangeOf12And24Challenge_Kharchenko.swift; sourceTree = "<group>"; };
		8D7D74F529FAAF6000AD211F /* ReturnFirstPairNumberInArrayChallenge_Kharchenko.swift */ = {isa = PBXFileReference; fileEncoding = 4; lastKnownFileType = sourcecode.swift; path = ReturnFirstPairNumberInArrayChallenge_Kharchenko.swift; sourceTree = "<group>"; };
		8DCA3B8029F285EB002A185B /* FindIndexOfSearchedNumberChallengeProtocol.swift */ = {isa = PBXFileReference; lastKnownFileType = sourcecode.swift; path = FindIndexOfSearchedNumberChallengeProtocol.swift; sourceTree = "<group>"; };
		8DCA3B8229F287B8002A185B /* FindIndexOfSearchedNumberChallengeTests.swift */ = {isa = PBXFileReference; lastKnownFileType = sourcecode.swift; path = FindIndexOfSearchedNumberChallengeTests.swift; sourceTree = "<group>"; };
		8DCA3B8529F289D2002A185B /* CountDuplicatesChallengeProtocol.swift */ = {isa = PBXFileReference; lastKnownFileType = sourcecode.swift; path = CountDuplicatesChallengeProtocol.swift; sourceTree = "<group>"; };
		8DCA3B8729F28A43002A185B /* CountDuplicatesChallengeTests.swift */ = {isa = PBXFileReference; lastKnownFileType = sourcecode.swift; path = CountDuplicatesChallengeTests.swift; sourceTree = "<group>"; };
		8DCA3B8929F28BBF002A185B /* FindAndReturnAllPairedNumbersChallengeProtocol.swift */ = {isa = PBXFileReference; lastKnownFileType = sourcecode.swift; path = FindAndReturnAllPairedNumbersChallengeProtocol.swift; sourceTree = "<group>"; };
		8DCA3B8C29F28C0D002A185B /* FindAndReturnAllPairedNumbersChallengeTests.swift */ = {isa = PBXFileReference; lastKnownFileType = sourcecode.swift; path = FindAndReturnAllPairedNumbersChallengeTests.swift; sourceTree = "<group>"; };
		9D6EE8DD2A0AD7AC00E97386 /* FindAndReturnAllPairedNumbersChallenge_Bilyk.swift */ = {isa = PBXFileReference; lastKnownFileType = sourcecode.swift; path = FindAndReturnAllPairedNumbersChallenge_Bilyk.swift; sourceTree = "<group>"; };
/* End PBXFileReference section */

/* Begin PBXFrameworksBuildPhase section */
		8D43009229EFE30D007BDE1A /* Frameworks */ = {
			isa = PBXFrameworksBuildPhase;
			buildActionMask = 2147483647;
			files = (
			);
			runOnlyForDeploymentPostprocessing = 0;
		};
		8D43009A29EFE30D007BDE1A /* Frameworks */ = {
			isa = PBXFrameworksBuildPhase;
			buildActionMask = 2147483647;
			files = (
				8D43009E29EFE30D007BDE1A /* ProblemSolvingMentoringSession.framework in Frameworks */,
			);
			runOnlyForDeploymentPostprocessing = 0;
		};
/* End PBXFrameworksBuildPhase section */

/* Begin PBXGroup section */
		1C7D32942A0B658E00131F91 /* Solvings */ = {
			isa = PBXGroup;
			children = (
				1C7D32962A0B658E00131F91 /* ArrayValidatorChallenge_Kharchenko.swift */,
				1C7D32A42A0B77ED00131F91 /* ArrayValidatorChallenge_Yurchenko.swift */,
			);
			path = Solvings;
			sourceTree = "<group>";
		};
		1C89A74829F92F4B00B71E9D /* Solvings */ = {
			isa = PBXGroup;
			children = (
				1C89A74929F92F7900B71E9D /* CheckIfGivenNumberPairedOrLessThan33Challenge_Yurchenko.swift */,
				8D4844F029FB9E6E00307F0E /* CheckIfGivenNumberPairedOrLessThan33Challenge_Kharchenko.swift */,
			);
			path = Solvings;
			sourceTree = "<group>";
		};
		1CFC0B4D2A01901500EF4933 /* Solvings */ = {
			isa = PBXGroup;
			children = (
				8D3C8F402A080DE800683658 /* SumOfAllUnpairedNumbersAndExcept9Challenge_Kharchenko.swift */,
				1CFC0B4E2A01903700EF4933 /* SumOfAllUnpairedNumbersAndExcept9Challenge_Yurchenko.swift */,
			);
			path = Solvings;
			sourceTree = "<group>";
		};
		3302A58A2A0252BB009BEAA4 /* Solvings */ = {
			isa = PBXGroup;
			children = (
				1C50541C2A0AAC2A00E8D287 /* ReturnNewArrayWithExponentiatedAllItemsChallenge_Yurchenko.swift */,
				3302A58B2A0252CB009BEAA4 /* ReturnNewArrayWithExponentiatedAllItemsChallenge_Kharchenko.swift */,
			);
			path = Solvings;
			sourceTree = "<group>";
		};
		33037CDA29F55FAF00962098 /* Solvings */ = {
			isa = PBXGroup;
			children = (
				8D7D749329F7FE2500AD211F /* MinimumNumberInListChallenge_Yakunin.swift */,
				33037CDB29F55FC300962098 /* MinimumNumberInList_Kharchenko.swift */,
			);
			path = Solvings;
			sourceTree = "<group>";
		};
		331B56E729F92AC700B0326F /* Solvings */ = {
			isa = PBXGroup;
			children = (
				331B56E829F92AEF00B0326F /* Return5thElemntOfArrayIfExistsChallenge_Kharchenko.swift */,
				1C7D32AD2A0B7DA800131F91 /* Return5thElemntOfArrayIfExistsChallenge_Yurchenko.swift */,
			);
			path = Solvings;
			sourceTree = "<group>";
		};
		332E2F6B29F82C8F003B2BE3 /* Solvings */ = {
			isa = PBXGroup;
			children = (
				332E2F6C29F82CA3003B2BE3 /* CheckIfInputValueBiggerThan18Challenge_Kharchenko.swift */,
				1CA542E72A0ABD97002B1CCF /* CheckIfInputValueBiggerThan18Challenge_Yurchenko.swift */,
			);
			path = Solvings;
			sourceTree = "<group>";
		};
		3360950C29F1B725009EE530 /* Recovered References */ = {
			isa = PBXGroup;
			children = (
			);
			name = "Recovered References";
			sourceTree = "<group>";
		};
		3360950D29F1B759009EE530 /* Solvings */ = {
			isa = PBXGroup;
			children = (
				3360950E29F1B759009EE530 /* SumatorChallenge_Kharchenko.swift */,
				4891DE8829F5B61C00603081 /* SumatorChallenge_Yakunin.swift */,
			);
			path = Solvings;
			sourceTree = "<group>";
		};
		339F20222A0194A900D33D0A /* Solvings */ = {
			isa = PBXGroup;
			children = (
				339F20232A0194CB00D33D0A /* CalculateHowMany22InArrayChallenge_Kharchenko.swift */,
			);
			path = Solvings;
			sourceTree = "<group>";
		};
		339F20252A01A6F700D33D0A /* Solvings */ = {
			isa = PBXGroup;
			children = (
				339F20262A01A70C00D33D0A /* FoundSumOfItemsInArrayOrReturnNilChallenge_Kharchenko.swift */,
			);
			path = Solvings;
			sourceTree = "<group>";
		};
		339F20282A01A8FD00D33D0A /* Solvings */ = {
			isa = PBXGroup;
			children = (
				339F20292A01A91400D33D0A /* FoundAllNumberDivisableOn3Challange_Kharchenko.swift */,
			);
			path = Solvings;
			sourceTree = "<group>";
		};
		33D3815929F1440A00849889 /* Solvings */ = {
			isa = PBXGroup;
			children = (
				33D3815B29F1446300849889 /* IntegersAcceptorChallenge_Kharchenko.swift */,
				48A784332A042DAF00E26E67 /* IntegersAcceptorChallenge_Yakunin.swift */,
			);
			path = Solvings;
			sourceTree = "<group>";
		};
		33D8FF0F29F9250400AFEB37 /* Solvings */ = {
			isa = PBXGroup;
			children = (
				33D8FF1029F9251C00AFEB37 /* ReturnLastElementOfArrayIfExistChallenge_Kharchenko.swift */,
				1C7D32A62A0B780700131F91 /* ReturnLastElementOfArrayIfExistChallenge_Yurchenko.swift */,
			);
			path = Solvings;
			sourceTree = "<group>";
		};
		484987A829FBDB5E00D84B0D /* Solvings */ = {
			isa = PBXGroup;
			children = (
				484987A929FBDBA400D84B0D /* CountDuplicatesChallenge_Yakunin.swift */,
				33DCCF942A09248000FC22A7 /* CountDuplicatesChallenge_Kharchenko.swift */,
			);
			path = Solvings;
			sourceTree = "<group>";
		};
		484987AB29FBDDA000D84B0D /* Solvings */ = {
			isa = PBXGroup;
			children = (
				484987AC29FBDDBC00D84B0D /* PairedOrUnpairedNumbersChallenge_Yakunin.swift */,
			);
			path = Solvings;
			sourceTree = "<group>";
		};
		4880EBD52A01969D00FD9C9B /* Solvings */ = {
			isa = PBXGroup;
			children = (
				4880EBD62A0196B900FD9C9B /* FindExtremumsInListChallenge_Yakunin.swift */,
			);
			path = Solvings;
			sourceTree = "<group>";
		};
		48A784382A04592F00E26E67 /* Solvings */ = {
			isa = PBXGroup;
			children = (
				48A784392A04594C00E26E67 /* FirstIndexOfSearchedItemChallenge_Yakunin.swift */,
			);
			path = Solvings;
			sourceTree = "<group>";
		};
		48C676AD29F967CE00435A24 /* Solvings */ = {
			isa = PBXGroup;
			children = (
				48C676AE29F9680C00435A24 /* FindIndexOfSearchedNumberChallenge_Yakunin.swift */,
			);
			path = Solvings;
			sourceTree = "<group>";
		};
		48E1E5302A0ABFE0000C905C /* Solvings */ = {
			isa = PBXGroup;
			children = (
				48E1E5312A0ABFE0000C905C /* FirstAndLastStringChallenge_Yakunin.swift */,
			);
			path = Solvings;
			sourceTree = "<group>";
		};
		8D3C8F3D2A080DA500683658 /* Solvings */ = {
			isa = PBXGroup;
			children = (
				8D3C8F3E2A080DA500683658 /* ReturnSumOfFirstAndLastElementChallenge_Yurchenko.swift */,
				336057562A097563000CCFC8 /* ReturnSumOfFirstAndLastElementChallenge_Kharchenko.swift */,
			);
			path = Solvings;
			sourceTree = "<group>";
		};
		8D43008B29EFE30D007BDE1A = {
			isa = PBXGroup;
			children = (
				8D4300D429F02138007BDE1A /* README.md */,
				8D43009729EFE30D007BDE1A /* ProblemSolvingMentoringSession */,
				8D4300A129EFE30D007BDE1A /* ProblemSolvingMentoringSessionTests */,
				8D43009629EFE30D007BDE1A /* Products */,
				3360950C29F1B725009EE530 /* Recovered References */,
			);
			sourceTree = "<group>";
		};
		8D43009629EFE30D007BDE1A /* Products */ = {
			isa = PBXGroup;
			children = (
				8D43009529EFE30D007BDE1A /* ProblemSolvingMentoringSession.framework */,
				8D43009D29EFE30D007BDE1A /* ProblemSolvingMentoringSessionTests.xctest */,
			);
			name = Products;
			sourceTree = "<group>";
		};
		8D43009729EFE30D007BDE1A /* ProblemSolvingMentoringSession */ = {
			isa = PBXGroup;
			children = (
				8D7D748C29F7FD5A00AD211F /* Part 0 */,
				8D7D748B29F7FD4B00AD211F /* Part 1 */,
			);
			path = ProblemSolvingMentoringSession;
			sourceTree = "<group>";
		};
		8D4300A129EFE30D007BDE1A /* ProblemSolvingMentoringSessionTests */ = {
			isa = PBXGroup;
			children = (
				8D7D748A29F7FD3900AD211F /* Part 0 */,
				8D7D748929F7FD2900AD211F /* Part 1 */,
			);
			path = ProblemSolvingMentoringSessionTests;
			sourceTree = "<group>";
		};
		8D4300AD29EFE347007BDE1A /* SumatorChallenge */ = {
			isa = PBXGroup;
			children = (
				8D4300AE29EFE367007BDE1A /* SumatorChallengeProtocol.swift */,
				3360950D29F1B759009EE530 /* Solvings */,
			);
			path = SumatorChallenge;
			sourceTree = "<group>";
		};
		8D4300B829EFF1EC007BDE1A /* MinimumNumberInListChallenge */ = {
			isa = PBXGroup;
			children = (
				8D4300B929EFF213007BDE1A /* MinimumNumberInListChallengeProtocol.swift */,
				33037CDA29F55FAF00962098 /* Solvings */,
			);
			path = MinimumNumberInListChallenge;
			sourceTree = "<group>";
		};
		8D4300C029EFF419007BDE1A /* FindExtremumsInListChallenge */ = {
			isa = PBXGroup;
			children = (
				8D4300C129EFF640007BDE1A /* FindExtremumsInListChallengeProtocol.swift */,
				4880EBD52A01969D00FD9C9B /* Solvings */,
			);
			path = FindExtremumsInListChallenge;
			sourceTree = "<group>";
		};
		8D4300C829F016B8007BDE1A /* AbsoluteDifferenceChallenge */ = {
			isa = PBXGroup;
			children = (
				8D4300C929F016D6007BDE1A /* AbsoluteDifferenceChallengeProtocol.swift */,
				8D4300CB29F0171A007BDE1A /* Solvings */,
			);
			path = AbsoluteDifferenceChallenge;
			sourceTree = "<group>";
		};
		8D4300CB29F0171A007BDE1A /* Solvings */ = {
			isa = PBXGroup;
			children = (
				8D7D749129F7FE0B00AD211F /* AbsoluteDifferenceChallenge_Yakunin.swift */,
			);
			path = Solvings;
			sourceTree = "<group>";
		};
		8D4300CE29F01AB4007BDE1A /* IntegersAcceptorChallenge */ = {
			isa = PBXGroup;
			children = (
				8D4300CF29F01ABB007BDE1A /* IntegersAcceptorChallengeProtocol.swift */,
				33D3815929F1440A00849889 /* Solvings */,
			);
			path = IntegersAcceptorChallenge;
			sourceTree = "<group>";
		};
		8D4300D829F139C3007BDE1A /* FirstAndLastStringChallenge */ = {
			isa = PBXGroup;
			children = (
				8D4300D929F139E1007BDE1A /* FirstAndLastStringChallengeProtocol.swift */,
				48E1E5302A0ABFE0000C905C /* Solvings */,
			);
			path = FirstAndLastStringChallenge;
			sourceTree = "<group>";
		};
		8D4300DD29F1554A007BDE1A /* FirstIndexOfSearchedItemChallenge */ = {
			isa = PBXGroup;
			children = (
				8D4300DE29F15565007BDE1A /* FirstIndexOfSearchedItemChallengeProtocol.swift */,
				48A784382A04592F00E26E67 /* Solvings */,
			);
			path = FirstIndexOfSearchedItemChallenge;
			sourceTree = "<group>";
		};
		8D4300E229F15884007BDE1A /* PairedOrUnpairedNumbersChallenge */ = {
			isa = PBXGroup;
			children = (
				8D4300E329F158F2007BDE1A /* PairedOrUnpairedNumbersChallengeProtocol.swift */,
				484987AB29FBDDA000D84B0D /* Solvings */,
			);
			path = PairedOrUnpairedNumbersChallenge;
			sourceTree = "<group>";
		};
		8D4844ED29FB9ADD00307F0E /* Solvinga */ = {
			isa = PBXGroup;
			children = (
				8D4844EE29FB9AE400307F0E /* CheckIfCountOfInputMoreThan5AndFirstElement10Challenge_Kharchenko.swift */,
			);
			path = Solvinga;
			sourceTree = "<group>";
		};
		8D4844F229FBA1F700307F0E /* Solvings */ = {
			isa = PBXGroup;
			children = (
				8D4844F329FBA1F700307F0E /* FindAndReturnAllPairedNumbersChallenge_Yakunin.swift */,
				33E3D5C02A08174900BBA644 /* FindAndReturnAllPairedNumbersChallenge_Kharchenko.swift */,
				9D6EE8DD2A0AD7AC00E97386 /* FindAndReturnAllPairedNumbersChallenge_Bilyk.swift */,
			);
			path = Solvings;
			sourceTree = "<group>";
		};
		8D7D748929F7FD2900AD211F /* Part 1 */ = {
			isa = PBXGroup;
			children = (
				8D4300B029EFE384007BDE1A /* SumatorChallengeTests.swift */,
				8D4300BE29EFF345007BDE1A /* MinimumNumberInListChallengeTests.swift */,
				8D4300C629EFF7A2007BDE1A /* FindExtremumsInListChallengeTests.swift */,
				8D4300CC29F0172A007BDE1A /* AbsoluteDifferenceChallengeTests.swift */,
				8D4300D129F01F28007BDE1A /* IntegersAcceptorChallengeTests.swift */,
				8D4300DB29F146A5007BDE1A /* FirstAndLastStringChallengeTests.swift */,
				8D4300E029F15692007BDE1A /* FirstIndexOfSearchedItemTests.swift */,
				8D4300E529F15A2F007BDE1A /* PairedOrUnpairedNumbersChallengeTests.swift */,
				8DCA3B8229F287B8002A185B /* FindIndexOfSearchedNumberChallengeTests.swift */,
				8DCA3B8729F28A43002A185B /* CountDuplicatesChallengeTests.swift */,
				8DCA3B8C29F28C0D002A185B /* FindAndReturnAllPairedNumbersChallengeTests.swift */,
			);
			path = "Part 1";
			sourceTree = "<group>";
		};
		8D7D748A29F7FD3900AD211F /* Part 0 */ = {
			isa = PBXGroup;
			children = (
				8D7D749829F800B600AD211F /* CheckIfInputValueBiggerThan18Tests.swift */,
				8D7D749D29F8023300AD211F /* CheckNumberInRangeOf12And24ChallengeTests.swift */,
				8D7D74A229F8040300AD211F /* ReturnLastElementOfArrayIfExistChallengeTests.swift */,
				8D7D74A729F8051800AD211F /* Return5thElemntOfArrayIfExistsChallengeTests.swift */,
				8D7D74AC29F8061800AD211F /* ReturnFirstPairNumberInArrayChallengeTests.swift */,
				8D7D74B129F8080400AD211F /* CalculateHowMany22InArrayChallengeTests.swift */,
				8D7D74B629F80C1800AD211F /* CheckIfCountOfInputMoreThan5AndFirstElement10ChallengeTests.swift */,
				8D7D74BB29F80DEF00AD211F /* CheckIfGivenNumberPairedOrLessThan33ChallengeTests.swift */,
				8D7D74C129FA69B500AD211F /* FoundSumOfItemsInArrayOrReturnNilChallengeTests.swift */,
				8D7D74C629FA6B0E00AD211F /* FoundAllNumberDivisableOn3ChallangeTests.swift */,
				8D7D74CB29FA6CB500AD211F /* SumOfAllUnpairedNumbersAndExcept9ChallengeTests.swift */,
				8D7D74D029FA6EF900AD211F /* ArrayValidatorChallengeTests.swift */,
				8D7D74D829FA738500AD211F /* ReturnNewArrayWithExponentiatedAllItemsChallengeTests.swift */,
				8D7D74DD29FA755900AD211F /* ReturnSumOfFirstAndLastElementChallengeTests.swift */,
			);
			path = "Part 0";
			sourceTree = "<group>";
		};
		8D7D748B29F7FD4B00AD211F /* Part 1 */ = {
			isa = PBXGroup;
			children = (
				8DCA3B8B29F28BC5002A185B /* FindAndReturnAllPairedNumbersChallenge */,
				8DCA3B8429F28942002A185B /* CountDuplicatesChallenge */,
				8DCA3B7F29F285B6002A185B /* FindIndexOfSearchedNumberChallenge */,
				8D4300E229F15884007BDE1A /* PairedOrUnpairedNumbersChallenge */,
				8D4300DD29F1554A007BDE1A /* FirstIndexOfSearchedItemChallenge */,
				8D4300D829F139C3007BDE1A /* FirstAndLastStringChallenge */,
				8D4300CE29F01AB4007BDE1A /* IntegersAcceptorChallenge */,
				8D4300C829F016B8007BDE1A /* AbsoluteDifferenceChallenge */,
				8D4300AD29EFE347007BDE1A /* SumatorChallenge */,
				8D4300B829EFF1EC007BDE1A /* MinimumNumberInListChallenge */,
				8D4300C029EFF419007BDE1A /* FindExtremumsInListChallenge */,
			);
			path = "Part 1";
			sourceTree = "<group>";
		};
		8D7D748C29F7FD5A00AD211F /* Part 0 */ = {
			isa = PBXGroup;
			children = (
				8D7D74B829F80D4E00AD211F /* CheckIfGivenNumberPairedOrLessThan33Challenge */,
				8D7D749529F7FECC00AD211F /* CheckIfInputValueBiggerThan18Challenge */,
				8D7D749A29F8019200AD211F /* CheckNumberInRangeOf12And24Challenge */,
				8D7D749F29F8033900AD211F /* ReturnLastElementOfArrayIfExistChallenge */,
				8D7D74A429F8046200AD211F /* Return5thElemntOfArrayIfExistsChallenge */,
				8D7D74A929F8056500AD211F /* ReturnFirstPairNumberInArrayChallenge */,
				8D7D74AE29F806FA00AD211F /* CalculateHowMany22InArrayChallenge */,
				8D7D74B329F808E900AD211F /* CheckIfCountOfInputMoreThan5AndFirstElement10Challenge */,
				8D7D74BE29FA5FA000AD211F /* FoundSumOfItemsInArrayOrReturnNilChallenge */,
				8D7D74C329FA6A5700AD211F /* FoundAllNumberDivisableOn3Challange */,
				8D7D74C829FA6BCE00AD211F /* SumOfAllUnpairedNumbersAndExcept9Challenge */,
				8D7D74CD29FA6DE600AD211F /* ArrayValidatorChallenge */,
				8D7D74D529FA72B800AD211F /* ReturnNewArrayWithExponentiatedAllItemsChallenge */,
				8D7D74DA29FA74A500AD211F /* ReturnSumOfFirstAndLastElementChallenge */,
			);
			path = "Part 0";
			sourceTree = "<group>";
		};
		8D7D749529F7FECC00AD211F /* CheckIfInputValueBiggerThan18Challenge */ = {
			isa = PBXGroup;
			children = (
				8D7D749629F7FF7A00AD211F /* CheckIfInputValueBiggerThan18ChallengeProtocol.swift */,
				332E2F6B29F82C8F003B2BE3 /* Solvings */,
			);
			path = CheckIfInputValueBiggerThan18Challenge;
			sourceTree = "<group>";
		};
		8D7D749A29F8019200AD211F /* CheckNumberInRangeOf12And24Challenge */ = {
			isa = PBXGroup;
			children = (
				8D7D749B29F801D200AD211F /* CheckNumberInRangeOf12And24ChallengeProtocol.swift */,
				8D7D74F129FAADCA00AD211F /* Solvings */,
			);
			path = CheckNumberInRangeOf12And24Challenge;
			sourceTree = "<group>";
		};
		8D7D749F29F8033900AD211F /* ReturnLastElementOfArrayIfExistChallenge */ = {
			isa = PBXGroup;
			children = (
				8D7D74A029F8036C00AD211F /* ReturnLastElementOfArrayIfExistChallengeProtocol.swift */,
				33D8FF0F29F9250400AFEB37 /* Solvings */,
			);
			path = ReturnLastElementOfArrayIfExistChallenge;
			sourceTree = "<group>";
		};
		8D7D74A429F8046200AD211F /* Return5thElemntOfArrayIfExistsChallenge */ = {
			isa = PBXGroup;
			children = (
				8D7D74A529F8048E00AD211F /* Return5thElemntOfArrayIfExistsChallengeProtocol.swift */,
				331B56E729F92AC700B0326F /* Solvings */,
			);
			path = Return5thElemntOfArrayIfExistsChallenge;
			sourceTree = "<group>";
		};
		8D7D74A929F8056500AD211F /* ReturnFirstPairNumberInArrayChallenge */ = {
			isa = PBXGroup;
			children = (
				8D7D74AA29F805B400AD211F /* ReturnFirstPairNumberInArrayChallengeProtocol.swift */,
				8D7D74F429FAAF6000AD211F /* Solvings */,
			);
			path = ReturnFirstPairNumberInArrayChallenge;
			sourceTree = "<group>";
		};
		8D7D74AE29F806FA00AD211F /* CalculateHowMany22InArrayChallenge */ = {
			isa = PBXGroup;
			children = (
				8D7D74AF29F8072E00AD211F /* CalculateHowMany22InArrayChallengeProtocol.swift */,
				339F20222A0194A900D33D0A /* Solvings */,
			);
			path = CalculateHowMany22InArrayChallenge;
			sourceTree = "<group>";
		};
		8D7D74B329F808E900AD211F /* CheckIfCountOfInputMoreThan5AndFirstElement10Challenge */ = {
			isa = PBXGroup;
			children = (
				8D7D74B429F80AF400AD211F /* CheckIfCountOfInputMoreThan5AndFirstElement10ChallengeProtocol.swift */,
				8D4844ED29FB9ADD00307F0E /* Solvinga */,
			);
			path = CheckIfCountOfInputMoreThan5AndFirstElement10Challenge;
			sourceTree = "<group>";
		};
		8D7D74B829F80D4E00AD211F /* CheckIfGivenNumberPairedOrLessThan33Challenge */ = {
			isa = PBXGroup;
			children = (
				8D7D74B929F80D7F00AD211F /* CheckIfGivenNumberPairedOrLessThan33ChallengeProtocol.swift */,
				1C89A74829F92F4B00B71E9D /* Solvings */,
			);
			path = CheckIfGivenNumberPairedOrLessThan33Challenge;
			sourceTree = "<group>";
		};
		8D7D74BE29FA5FA000AD211F /* FoundSumOfItemsInArrayOrReturnNilChallenge */ = {
			isa = PBXGroup;
			children = (
				8D7D74BF29FA691700AD211F /* FoundSumOfItemsInArrayOrReturnNilChallengeProtocol.swift */,
				339F20252A01A6F700D33D0A /* Solvings */,
			);
			path = FoundSumOfItemsInArrayOrReturnNilChallenge;
			sourceTree = "<group>";
		};
		8D7D74C329FA6A5700AD211F /* FoundAllNumberDivisableOn3Challange */ = {
			isa = PBXGroup;
			children = (
				8D7D74C429FA6AA700AD211F /* FoundAllNumberDivisableOn3ChallangeProtocol.swift */,
				339F20282A01A8FD00D33D0A /* Solvings */,
			);
			path = FoundAllNumberDivisableOn3Challange;
			sourceTree = "<group>";
		};
		8D7D74C829FA6BCE00AD211F /* SumOfAllUnpairedNumbersAndExcept9Challenge */ = {
			isa = PBXGroup;
			children = (
				8D7D74C929FA6C1900AD211F /* SumOfAllUnpairedNumbersAndExcept9ChallengeProtocol.swift */,
				1CFC0B4D2A01901500EF4933 /* Solvings */,
			);
			path = SumOfAllUnpairedNumbersAndExcept9Challenge;
			sourceTree = "<group>";
		};
		8D7D74CD29FA6DE600AD211F /* ArrayValidatorChallenge */ = {
			isa = PBXGroup;
			children = (
				8D7D74CE29FA6E1D00AD211F /* ArrayValidatorChallengeProtocol.swift */,
				1C7D32942A0B658E00131F91 /* Solvings */,
			);
			path = ArrayValidatorChallenge;
			sourceTree = "<group>";
		};
		8D7D74D529FA72B800AD211F /* ReturnNewArrayWithExponentiatedAllItemsChallenge */ = {
			isa = PBXGroup;
			children = (
				8D7D74D629FA732700AD211F /* ReturnNewArrayWithExponentiatedAllItemsChallengeProtocol.swift */,
				3302A58A2A0252BB009BEAA4 /* Solvings */,
			);
			path = ReturnNewArrayWithExponentiatedAllItemsChallenge;
			sourceTree = "<group>";
		};
		8D7D74DA29FA74A500AD211F /* ReturnSumOfFirstAndLastElementChallenge */ = {
			isa = PBXGroup;
			children = (
				8D7D74DB29FA74C200AD211F /* ReturnSumOfFirstAndLastElementChallengeProtocol.swift */,
				8D3C8F3D2A080DA500683658 /* Solvings */,
			);
			path = ReturnSumOfFirstAndLastElementChallenge;
			sourceTree = "<group>";
		};
		8D7D74F129FAADCA00AD211F /* Solvings */ = {
			isa = PBXGroup;
			children = (
				8D7D74F229FAADCA00AD211F /* CheckNumberInRangeOf12And24Challenge_Kharchenko.swift */,
			);
			path = Solvings;
			sourceTree = "<group>";
		};
		8D7D74F429FAAF6000AD211F /* Solvings */ = {
			isa = PBXGroup;
			children = (
				8D7D74F529FAAF6000AD211F /* ReturnFirstPairNumberInArrayChallenge_Kharchenko.swift */,
			);
			path = Solvings;
			sourceTree = "<group>";
		};
		8DCA3B7F29F285B6002A185B /* FindIndexOfSearchedNumberChallenge */ = {
			isa = PBXGroup;
			children = (
				8DCA3B8029F285EB002A185B /* FindIndexOfSearchedNumberChallengeProtocol.swift */,
				48C676AD29F967CE00435A24 /* Solvings */,
			);
			path = FindIndexOfSearchedNumberChallenge;
			sourceTree = "<group>";
		};
		8DCA3B8429F28942002A185B /* CountDuplicatesChallenge */ = {
			isa = PBXGroup;
			children = (
				8DCA3B8529F289D2002A185B /* CountDuplicatesChallengeProtocol.swift */,
				484987A829FBDB5E00D84B0D /* Solvings */,
			);
			path = CountDuplicatesChallenge;
			sourceTree = "<group>";
		};
		8DCA3B8B29F28BC5002A185B /* FindAndReturnAllPairedNumbersChallenge */ = {
			isa = PBXGroup;
			children = (
				8DCA3B8929F28BBF002A185B /* FindAndReturnAllPairedNumbersChallengeProtocol.swift */,
				8D4844F229FBA1F700307F0E /* Solvings */,
			);
			path = FindAndReturnAllPairedNumbersChallenge;
			sourceTree = "<group>";
		};
/* End PBXGroup section */

/* Begin PBXHeadersBuildPhase section */
		8D43009029EFE30D007BDE1A /* Headers */ = {
			isa = PBXHeadersBuildPhase;
			buildActionMask = 2147483647;
			files = (
			);
			runOnlyForDeploymentPostprocessing = 0;
		};
/* End PBXHeadersBuildPhase section */

/* Begin PBXNativeTarget section */
		8D43009429EFE30D007BDE1A /* ProblemSolvingMentoringSession */ = {
			isa = PBXNativeTarget;
			buildConfigurationList = 8D4300A729EFE30D007BDE1A /* Build configuration list for PBXNativeTarget "ProblemSolvingMentoringSession" */;
			buildPhases = (
				8D43009029EFE30D007BDE1A /* Headers */,
				8D43009129EFE30D007BDE1A /* Sources */,
				8D43009229EFE30D007BDE1A /* Frameworks */,
				8D43009329EFE30D007BDE1A /* Resources */,
			);
			buildRules = (
			);
			dependencies = (
			);
			name = ProblemSolvingMentoringSession;
			productName = ProblemSolvingMentoringSession;
			productReference = 8D43009529EFE30D007BDE1A /* ProblemSolvingMentoringSession.framework */;
			productType = "com.apple.product-type.framework";
		};
		8D43009C29EFE30D007BDE1A /* ProblemSolvingMentoringSessionTests */ = {
			isa = PBXNativeTarget;
			buildConfigurationList = 8D4300AA29EFE30D007BDE1A /* Build configuration list for PBXNativeTarget "ProblemSolvingMentoringSessionTests" */;
			buildPhases = (
				8D43009929EFE30D007BDE1A /* Sources */,
				8D43009A29EFE30D007BDE1A /* Frameworks */,
				8D43009B29EFE30D007BDE1A /* Resources */,
			);
			buildRules = (
			);
			dependencies = (
				8D4300A029EFE30D007BDE1A /* PBXTargetDependency */,
			);
			name = ProblemSolvingMentoringSessionTests;
			productName = ProblemSolvingMentoringSessionTests;
			productReference = 8D43009D29EFE30D007BDE1A /* ProblemSolvingMentoringSessionTests.xctest */;
			productType = "com.apple.product-type.bundle.unit-test";
		};
/* End PBXNativeTarget section */

/* Begin PBXProject section */
		8D43008C29EFE30D007BDE1A /* Project object */ = {
			isa = PBXProject;
			attributes = {
				BuildIndependentTargetsInParallel = 1;
				LastSwiftUpdateCheck = 1430;
				LastUpgradeCheck = 1430;
				ORGANIZATIONNAME = "Almost Engineer";
				TargetAttributes = {
					8D43009429EFE30D007BDE1A = {
						CreatedOnToolsVersion = 14.3;
						LastSwiftMigration = 1430;
					};
					8D43009C29EFE30D007BDE1A = {
						CreatedOnToolsVersion = 14.3;
					};
				};
			};
			buildConfigurationList = 8D43008F29EFE30D007BDE1A /* Build configuration list for PBXProject "ProblemSolvingMentoringSession" */;
			compatibilityVersion = "Xcode 14.0";
			developmentRegion = en;
			hasScannedForEncodings = 0;
			knownRegions = (
				en,
				Base,
			);
			mainGroup = 8D43008B29EFE30D007BDE1A;
			productRefGroup = 8D43009629EFE30D007BDE1A /* Products */;
			projectDirPath = "";
			projectRoot = "";
			targets = (
				8D43009429EFE30D007BDE1A /* ProblemSolvingMentoringSession */,
				8D43009C29EFE30D007BDE1A /* ProblemSolvingMentoringSessionTests */,
			);
		};
/* End PBXProject section */

/* Begin PBXResourcesBuildPhase section */
		8D43009329EFE30D007BDE1A /* Resources */ = {
			isa = PBXResourcesBuildPhase;
			buildActionMask = 2147483647;
			files = (
			);
			runOnlyForDeploymentPostprocessing = 0;
		};
		8D43009B29EFE30D007BDE1A /* Resources */ = {
			isa = PBXResourcesBuildPhase;
			buildActionMask = 2147483647;
			files = (
				8D4300D529F02138007BDE1A /* README.md in Resources */,
			);
			runOnlyForDeploymentPostprocessing = 0;
		};
/* End PBXResourcesBuildPhase section */

/* Begin PBXSourcesBuildPhase section */
		8D43009129EFE30D007BDE1A /* Sources */ = {
			isa = PBXSourcesBuildPhase;
			buildActionMask = 2147483647;
			files = (
				8D3C8F3F2A080DA500683658 /* ReturnSumOfFirstAndLastElementChallenge_Yurchenko.swift in Sources */,
				331B56E929F92AEF00B0326F /* Return5thElemntOfArrayIfExistsChallenge_Kharchenko.swift in Sources */,
				33D8FF1129F9251C00AFEB37 /* ReturnLastElementOfArrayIfExistChallenge_Kharchenko.swift in Sources */,
				332E2F6D29F82CA3003B2BE3 /* CheckIfInputValueBiggerThan18Challenge_Kharchenko.swift in Sources */,
				8D7D74BA29F80D7F00AD211F /* CheckIfGivenNumberPairedOrLessThan33ChallengeProtocol.swift in Sources */,
				8D7D74B529F80AF400AD211F /* CheckIfCountOfInputMoreThan5AndFirstElement10ChallengeProtocol.swift in Sources */,
				339F20242A0194CB00D33D0A /* CalculateHowMany22InArrayChallenge_Kharchenko.swift in Sources */,
				8D7D74C529FA6AA700AD211F /* FoundAllNumberDivisableOn3ChallangeProtocol.swift in Sources */,
				1CA542E82A0ABD97002B1CCF /* CheckIfInputValueBiggerThan18Challenge_Yurchenko.swift in Sources */,
				1C7D32972A0B658F00131F91 /* (null) in Sources */,
				48C676AF29F9680C00435A24 /* FindIndexOfSearchedNumberChallenge_Yakunin.swift in Sources */,
				8D4300E429F158F2007BDE1A /* PairedOrUnpairedNumbersChallengeProtocol.swift in Sources */,
				8D7D74F329FAADCA00AD211F /* CheckNumberInRangeOf12And24Challenge_Kharchenko.swift in Sources */,
				8DCA3B8629F289D2002A185B /* CountDuplicatesChallengeProtocol.swift in Sources */,
				8D4300DA29F139E1007BDE1A /* FirstAndLastStringChallengeProtocol.swift in Sources */,
				48A7843A2A04594C00E26E67 /* FirstIndexOfSearchedItemChallenge_Yakunin.swift in Sources */,
				48E1E5322A0ABFE0000C905C /* FirstAndLastStringChallenge_Yakunin.swift in Sources */,
				8D4300D029F01ABB007BDE1A /* IntegersAcceptorChallengeProtocol.swift in Sources */,
				8D7D74DC29FA74C200AD211F /* ReturnSumOfFirstAndLastElementChallengeProtocol.swift in Sources */,
				8D7D74D729FA732700AD211F /* ReturnNewArrayWithExponentiatedAllItemsChallengeProtocol.swift in Sources */,
				484987AD29FBDDBC00D84B0D /* PairedOrUnpairedNumbersChallenge_Yakunin.swift in Sources */,
				8D7D74CF29FA6E1D00AD211F /* ArrayValidatorChallengeProtocol.swift in Sources */,
				8D7D74B029F8072E00AD211F /* CalculateHowMany22InArrayChallengeProtocol.swift in Sources */,
				8D4300BA29EFF213007BDE1A /* MinimumNumberInListChallengeProtocol.swift in Sources */,
				484987AA29FBDBA400D84B0D /* CountDuplicatesChallenge_Yakunin.swift in Sources */,
				8DCA3B8129F285EB002A185B /* FindIndexOfSearchedNumberChallengeProtocol.swift in Sources */,
				4880EBD72A0196B900FD9C9B /* FindExtremumsInListChallenge_Yakunin.swift in Sources */,
				3302A58C2A0252CB009BEAA4 /* ReturnNewArrayWithExponentiatedAllItemsChallenge_Kharchenko.swift in Sources */,
				1C7D32AE2A0B7DA800131F91 /* Return5thElemntOfArrayIfExistsChallenge_Yurchenko.swift in Sources */,
				8D7D74A629F8048E00AD211F /* Return5thElemntOfArrayIfExistsChallengeProtocol.swift in Sources */,
				33E3D5C12A08174900BBA644 /* FindAndReturnAllPairedNumbersChallenge_Kharchenko.swift in Sources */,
				8D4300AF29EFE367007BDE1A /* SumatorChallengeProtocol.swift in Sources */,
				33D3815C29F1446300849889 /* IntegersAcceptorChallenge_Kharchenko.swift in Sources */,
				1C7D32A52A0B77ED00131F91 /* ArrayValidatorChallenge_Yurchenko.swift in Sources */,
				9D6EE8DE2A0AD7AC00E97386 /* FindAndReturnAllPairedNumbersChallenge_Bilyk.swift in Sources */,
				8D7D749729F7FF7A00AD211F /* CheckIfInputValueBiggerThan18ChallengeProtocol.swift in Sources */,
				33037CDC29F55FC300962098 /* MinimumNumberInList_Kharchenko.swift in Sources */,
				8D7D74F629FAAF6000AD211F /* ReturnFirstPairNumberInArrayChallenge_Kharchenko.swift in Sources */,
				8D7D74A129F8036C00AD211F /* ReturnLastElementOfArrayIfExistChallengeProtocol.swift in Sources */,
				8D4300C229EFF640007BDE1A /* FindExtremumsInListChallengeProtocol.swift in Sources */,
				339F20272A01A70C00D33D0A /* FoundSumOfItemsInArrayOrReturnNilChallenge_Kharchenko.swift in Sources */,
				339F202A2A01A91400D33D0A /* FoundAllNumberDivisableOn3Challange_Kharchenko.swift in Sources */,
				4891DE8929F5B61C00603081 /* SumatorChallenge_Yakunin.swift in Sources */,
				336057572A097563000CCFC8 /* ReturnSumOfFirstAndLastElementChallenge_Kharchenko.swift in Sources */,
				48A784342A042DAF00E26E67 /* IntegersAcceptorChallenge_Yakunin.swift in Sources */,
				8D7D74CA29FA6C1900AD211F /* SumOfAllUnpairedNumbersAndExcept9ChallengeProtocol.swift in Sources */,
				8D7D74AB29F805B400AD211F /* ReturnFirstPairNumberInArrayChallengeProtocol.swift in Sources */,
				1C50541D2A0AAC2A00E8D287 /* ReturnNewArrayWithExponentiatedAllItemsChallenge_Yurchenko.swift in Sources */,
				8D3C8F412A080DE800683658 /* SumOfAllUnpairedNumbersAndExcept9Challenge_Kharchenko.swift in Sources */,
				8D4844EF29FB9AE400307F0E /* CheckIfCountOfInputMoreThan5AndFirstElement10Challenge_Kharchenko.swift in Sources */,
				8D7D749229F7FE0B00AD211F /* AbsoluteDifferenceChallenge_Yakunin.swift in Sources */,
				8D7D74C029FA691700AD211F /* FoundSumOfItemsInArrayOrReturnNilChallengeProtocol.swift in Sources */,
				1CFC0B4F2A01903700EF4933 /* SumOfAllUnpairedNumbersAndExcept9Challenge_Yurchenko.swift in Sources */,
				8D4300DF29F15565007BDE1A /* FirstIndexOfSearchedItemChallengeProtocol.swift in Sources */,
				1C7D32982A0B658F00131F91 /* ArrayValidatorChallenge_Kharchenko.swift in Sources */,
				8DCA3B8A29F28BBF002A185B /* FindAndReturnAllPairedNumbersChallengeProtocol.swift in Sources */,
				8D4844F429FBA1F700307F0E /* FindAndReturnAllPairedNumbersChallenge_Yakunin.swift in Sources */,
				8D7D749429F7FE2500AD211F /* MinimumNumberInListChallenge_Yakunin.swift in Sources */,
				3360950F29F1B759009EE530 /* SumatorChallenge_Kharchenko.swift in Sources */,
				8D4844F129FB9E6E00307F0E /* CheckIfGivenNumberPairedOrLessThan33Challenge_Kharchenko.swift in Sources */,
				1C7D32A72A0B780700131F91 /* ReturnLastElementOfArrayIfExistChallenge_Yurchenko.swift in Sources */,
				33DCCF952A09248000FC22A7 /* CountDuplicatesChallenge_Kharchenko.swift in Sources */,
				8D7D749C29F801D200AD211F /* CheckNumberInRangeOf12And24ChallengeProtocol.swift in Sources */,
				8D4300CA29F016D6007BDE1A /* AbsoluteDifferenceChallengeProtocol.swift in Sources */,
				1C89A74A29F92F7900B71E9D /* CheckIfGivenNumberPairedOrLessThan33Challenge_Yurchenko.swift in Sources */,
			);
			runOnlyForDeploymentPostprocessing = 0;
		};
		8D43009929EFE30D007BDE1A /* Sources */ = {
			isa = PBXSourcesBuildPhase;
			buildActionMask = 2147483647;
			files = (
				8D7D74A829F8051800AD211F /* Return5thElemntOfArrayIfExistsChallengeTests.swift in Sources */,
				8D7D74A329F8040300AD211F /* ReturnLastElementOfArrayIfExistChallengeTests.swift in Sources */,
				8D7D74DE29FA755900AD211F /* ReturnSumOfFirstAndLastElementChallengeTests.swift in Sources */,
				8D4300E129F15692007BDE1A /* FirstIndexOfSearchedItemTests.swift in Sources */,
				8D4300BF29EFF345007BDE1A /* MinimumNumberInListChallengeTests.swift in Sources */,
				8D7D74AD29F8061800AD211F /* ReturnFirstPairNumberInArrayChallengeTests.swift in Sources */,
				8DCA3B8D29F28C0D002A185B /* FindAndReturnAllPairedNumbersChallengeTests.swift in Sources */,
				8D7D74B729F80C1800AD211F /* CheckIfCountOfInputMoreThan5AndFirstElement10ChallengeTests.swift in Sources */,
				8D7D749E29F8023300AD211F /* CheckNumberInRangeOf12And24ChallengeTests.swift in Sources */,
				8D7D74BC29F80DEF00AD211F /* CheckIfGivenNumberPairedOrLessThan33ChallengeTests.swift in Sources */,
				8D7D74D129FA6EF900AD211F /* ArrayValidatorChallengeTests.swift in Sources */,
				8DCA3B8329F287B8002A185B /* FindIndexOfSearchedNumberChallengeTests.swift in Sources */,
				8D4300CD29F0172A007BDE1A /* AbsoluteDifferenceChallengeTests.swift in Sources */,
				8D4300B129EFE384007BDE1A /* SumatorChallengeTests.swift in Sources */,
				8D4300D229F01F28007BDE1A /* IntegersAcceptorChallengeTests.swift in Sources */,
				8D7D74B229F8080400AD211F /* CalculateHowMany22InArrayChallengeTests.swift in Sources */,
				8D4300C729EFF7A2007BDE1A /* FindExtremumsInListChallengeTests.swift in Sources */,
				8D4300E629F15A2F007BDE1A /* PairedOrUnpairedNumbersChallengeTests.swift in Sources */,
				8D7D74CC29FA6CB500AD211F /* SumOfAllUnpairedNumbersAndExcept9ChallengeTests.swift in Sources */,
				8D7D74C229FA69B500AD211F /* FoundSumOfItemsInArrayOrReturnNilChallengeTests.swift in Sources */,
				8D7D74C729FA6B0E00AD211F /* FoundAllNumberDivisableOn3ChallangeTests.swift in Sources */,
				8D7D74D929FA738500AD211F /* ReturnNewArrayWithExponentiatedAllItemsChallengeTests.swift in Sources */,
				8D4300DC29F146A5007BDE1A /* FirstAndLastStringChallengeTests.swift in Sources */,
				8D7D749929F800B600AD211F /* CheckIfInputValueBiggerThan18Tests.swift in Sources */,
				8DCA3B8829F28A43002A185B /* CountDuplicatesChallengeTests.swift in Sources */,
			);
			runOnlyForDeploymentPostprocessing = 0;
		};
/* End PBXSourcesBuildPhase section */

/* Begin PBXTargetDependency section */
		8D4300A029EFE30D007BDE1A /* PBXTargetDependency */ = {
			isa = PBXTargetDependency;
			target = 8D43009429EFE30D007BDE1A /* ProblemSolvingMentoringSession */;
			targetProxy = 8D43009F29EFE30D007BDE1A /* PBXContainerItemProxy */;
		};
/* End PBXTargetDependency section */

/* Begin XCBuildConfiguration section */
		8D4300A529EFE30D007BDE1A /* Debug */ = {
			isa = XCBuildConfiguration;
			buildSettings = {
				ALWAYS_SEARCH_USER_PATHS = NO;
				CLANG_ANALYZER_NONNULL = YES;
				CLANG_ANALYZER_NUMBER_OBJECT_CONVERSION = YES_AGGRESSIVE;
				CLANG_CXX_LANGUAGE_STANDARD = "gnu++20";
				CLANG_ENABLE_MODULES = YES;
				CLANG_ENABLE_OBJC_ARC = YES;
				CLANG_ENABLE_OBJC_WEAK = YES;
				CLANG_WARN_BLOCK_CAPTURE_AUTORELEASING = YES;
				CLANG_WARN_BOOL_CONVERSION = YES;
				CLANG_WARN_COMMA = YES;
				CLANG_WARN_CONSTANT_CONVERSION = YES;
				CLANG_WARN_DEPRECATED_OBJC_IMPLEMENTATIONS = YES;
				CLANG_WARN_DIRECT_OBJC_ISA_USAGE = YES_ERROR;
				CLANG_WARN_DOCUMENTATION_COMMENTS = YES;
				CLANG_WARN_EMPTY_BODY = YES;
				CLANG_WARN_ENUM_CONVERSION = YES;
				CLANG_WARN_INFINITE_RECURSION = YES;
				CLANG_WARN_INT_CONVERSION = YES;
				CLANG_WARN_NON_LITERAL_NULL_CONVERSION = YES;
				CLANG_WARN_OBJC_IMPLICIT_RETAIN_SELF = YES;
				CLANG_WARN_OBJC_LITERAL_CONVERSION = YES;
				CLANG_WARN_OBJC_ROOT_CLASS = YES_ERROR;
				CLANG_WARN_QUOTED_INCLUDE_IN_FRAMEWORK_HEADER = YES;
				CLANG_WARN_RANGE_LOOP_ANALYSIS = YES;
				CLANG_WARN_STRICT_PROTOTYPES = YES;
				CLANG_WARN_SUSPICIOUS_MOVE = YES;
				CLANG_WARN_UNGUARDED_AVAILABILITY = YES_AGGRESSIVE;
				CLANG_WARN_UNREACHABLE_CODE = YES;
				CLANG_WARN__DUPLICATE_METHOD_MATCH = YES;
				COPY_PHASE_STRIP = NO;
				CURRENT_PROJECT_VERSION = 1;
				DEBUG_INFORMATION_FORMAT = dwarf;
				ENABLE_STRICT_OBJC_MSGSEND = YES;
				ENABLE_TESTABILITY = YES;
				GCC_C_LANGUAGE_STANDARD = gnu11;
				GCC_DYNAMIC_NO_PIC = NO;
				GCC_NO_COMMON_BLOCKS = YES;
				GCC_OPTIMIZATION_LEVEL = 0;
				GCC_PREPROCESSOR_DEFINITIONS = (
					"DEBUG=1",
					"$(inherited)",
				);
				GCC_WARN_64_TO_32_BIT_CONVERSION = YES;
				GCC_WARN_ABOUT_RETURN_TYPE = YES_ERROR;
				GCC_WARN_UNDECLARED_SELECTOR = YES;
				GCC_WARN_UNINITIALIZED_AUTOS = YES_AGGRESSIVE;
				GCC_WARN_UNUSED_FUNCTION = YES;
				GCC_WARN_UNUSED_VARIABLE = YES;
				MACOSX_DEPLOYMENT_TARGET = 12.4;
				MTL_ENABLE_DEBUG_INFO = INCLUDE_SOURCE;
				MTL_FAST_MATH = YES;
				ONLY_ACTIVE_ARCH = YES;
				SDKROOT = macosx;
				SWIFT_ACTIVE_COMPILATION_CONDITIONS = DEBUG;
				SWIFT_OPTIMIZATION_LEVEL = "-Onone";
				VERSIONING_SYSTEM = "apple-generic";
				VERSION_INFO_PREFIX = "";
			};
			name = Debug;
		};
		8D4300A629EFE30D007BDE1A /* Release */ = {
			isa = XCBuildConfiguration;
			buildSettings = {
				ALWAYS_SEARCH_USER_PATHS = NO;
				CLANG_ANALYZER_NONNULL = YES;
				CLANG_ANALYZER_NUMBER_OBJECT_CONVERSION = YES_AGGRESSIVE;
				CLANG_CXX_LANGUAGE_STANDARD = "gnu++20";
				CLANG_ENABLE_MODULES = YES;
				CLANG_ENABLE_OBJC_ARC = YES;
				CLANG_ENABLE_OBJC_WEAK = YES;
				CLANG_WARN_BLOCK_CAPTURE_AUTORELEASING = YES;
				CLANG_WARN_BOOL_CONVERSION = YES;
				CLANG_WARN_COMMA = YES;
				CLANG_WARN_CONSTANT_CONVERSION = YES;
				CLANG_WARN_DEPRECATED_OBJC_IMPLEMENTATIONS = YES;
				CLANG_WARN_DIRECT_OBJC_ISA_USAGE = YES_ERROR;
				CLANG_WARN_DOCUMENTATION_COMMENTS = YES;
				CLANG_WARN_EMPTY_BODY = YES;
				CLANG_WARN_ENUM_CONVERSION = YES;
				CLANG_WARN_INFINITE_RECURSION = YES;
				CLANG_WARN_INT_CONVERSION = YES;
				CLANG_WARN_NON_LITERAL_NULL_CONVERSION = YES;
				CLANG_WARN_OBJC_IMPLICIT_RETAIN_SELF = YES;
				CLANG_WARN_OBJC_LITERAL_CONVERSION = YES;
				CLANG_WARN_OBJC_ROOT_CLASS = YES_ERROR;
				CLANG_WARN_QUOTED_INCLUDE_IN_FRAMEWORK_HEADER = YES;
				CLANG_WARN_RANGE_LOOP_ANALYSIS = YES;
				CLANG_WARN_STRICT_PROTOTYPES = YES;
				CLANG_WARN_SUSPICIOUS_MOVE = YES;
				CLANG_WARN_UNGUARDED_AVAILABILITY = YES_AGGRESSIVE;
				CLANG_WARN_UNREACHABLE_CODE = YES;
				CLANG_WARN__DUPLICATE_METHOD_MATCH = YES;
				COPY_PHASE_STRIP = NO;
				CURRENT_PROJECT_VERSION = 1;
				DEBUG_INFORMATION_FORMAT = "dwarf-with-dsym";
				ENABLE_NS_ASSERTIONS = NO;
				ENABLE_STRICT_OBJC_MSGSEND = YES;
				GCC_C_LANGUAGE_STANDARD = gnu11;
				GCC_NO_COMMON_BLOCKS = YES;
				GCC_WARN_64_TO_32_BIT_CONVERSION = YES;
				GCC_WARN_ABOUT_RETURN_TYPE = YES_ERROR;
				GCC_WARN_UNDECLARED_SELECTOR = YES;
				GCC_WARN_UNINITIALIZED_AUTOS = YES_AGGRESSIVE;
				GCC_WARN_UNUSED_FUNCTION = YES;
				GCC_WARN_UNUSED_VARIABLE = YES;
				MACOSX_DEPLOYMENT_TARGET = 12.4;
				MTL_ENABLE_DEBUG_INFO = NO;
				MTL_FAST_MATH = YES;
				SDKROOT = macosx;
				SWIFT_COMPILATION_MODE = wholemodule;
				SWIFT_OPTIMIZATION_LEVEL = "-O";
				VERSIONING_SYSTEM = "apple-generic";
				VERSION_INFO_PREFIX = "";
			};
			name = Release;
		};
		8D4300A829EFE30D007BDE1A /* Debug */ = {
			isa = XCBuildConfiguration;
			buildSettings = {
				CLANG_ENABLE_MODULES = YES;
				CODE_SIGN_IDENTITY = "Apple Development";
				"CODE_SIGN_IDENTITY[sdk=macosx*]" = "-";
				CODE_SIGN_STYLE = Automatic;
				COMBINE_HIDPI_IMAGES = YES;
				CURRENT_PROJECT_VERSION = 1;
				DEFINES_MODULE = YES;
				DEVELOPMENT_TEAM = K9947R9LK8;
				DYLIB_COMPATIBILITY_VERSION = 1;
				DYLIB_CURRENT_VERSION = 1;
				DYLIB_INSTALL_NAME_BASE = "@rpath";
				ENABLE_MODULE_VERIFIER = YES;
				GENERATE_INFOPLIST_FILE = YES;
				INFOPLIST_KEY_NSHumanReadableCopyright = "";
				INSTALL_PATH = "$(LOCAL_LIBRARY_DIR)/Frameworks";
				LD_RUNPATH_SEARCH_PATHS = (
					"$(inherited)",
					"@executable_path/../Frameworks",
					"@loader_path/Frameworks",
				);
				MACOSX_DEPLOYMENT_TARGET = 12.4;
				MARKETING_VERSION = 1.0;
				MODULE_VERIFIER_SUPPORTED_LANGUAGES = "objective-c objective-c++";
				MODULE_VERIFIER_SUPPORTED_LANGUAGE_STANDARDS = "gnu11 gnu++20";
				PRODUCT_BUNDLE_IDENTIFIER = "YY-team.ProblemSolvingMentoringSession";
				PRODUCT_NAME = "$(TARGET_NAME:c99extidentifier)";
				PROVISIONING_PROFILE_SPECIFIER = "";
				SKIP_INSTALL = YES;
				SWIFT_EMIT_LOC_STRINGS = YES;
				SWIFT_OPTIMIZATION_LEVEL = "-Onone";
				SWIFT_VERSION = 5.0;
			};
			name = Debug;
		};
		8D4300A929EFE30D007BDE1A /* Release */ = {
			isa = XCBuildConfiguration;
			buildSettings = {
				CLANG_ENABLE_MODULES = YES;
				CODE_SIGN_IDENTITY = "Apple Development";
				"CODE_SIGN_IDENTITY[sdk=macosx*]" = "-";
				CODE_SIGN_STYLE = Automatic;
				COMBINE_HIDPI_IMAGES = YES;
				CURRENT_PROJECT_VERSION = 1;
				DEFINES_MODULE = YES;
				DEVELOPMENT_TEAM = K9947R9LK8;
				DYLIB_COMPATIBILITY_VERSION = 1;
				DYLIB_CURRENT_VERSION = 1;
				DYLIB_INSTALL_NAME_BASE = "@rpath";
				ENABLE_MODULE_VERIFIER = YES;
				GENERATE_INFOPLIST_FILE = YES;
				INFOPLIST_KEY_NSHumanReadableCopyright = "";
				INSTALL_PATH = "$(LOCAL_LIBRARY_DIR)/Frameworks";
				LD_RUNPATH_SEARCH_PATHS = (
					"$(inherited)",
					"@executable_path/../Frameworks",
					"@loader_path/Frameworks",
				);
				MACOSX_DEPLOYMENT_TARGET = 12.4;
				MARKETING_VERSION = 1.0;
				MODULE_VERIFIER_SUPPORTED_LANGUAGES = "objective-c objective-c++";
				MODULE_VERIFIER_SUPPORTED_LANGUAGE_STANDARDS = "gnu11 gnu++20";
				PRODUCT_BUNDLE_IDENTIFIER = "YY-team.ProblemSolvingMentoringSession";
				PRODUCT_NAME = "$(TARGET_NAME:c99extidentifier)";
				PROVISIONING_PROFILE_SPECIFIER = "";
				SKIP_INSTALL = YES;
				SWIFT_EMIT_LOC_STRINGS = YES;
				SWIFT_VERSION = 5.0;
			};
			name = Release;
		};
		8D4300AB29EFE30D007BDE1A /* Debug */ = {
			isa = XCBuildConfiguration;
			buildSettings = {
				ALWAYS_EMBED_SWIFT_STANDARD_LIBRARIES = YES;
				"CODE_SIGN_IDENTITY[sdk=macosx*]" = "-";
				CODE_SIGN_STYLE = Automatic;
				CURRENT_PROJECT_VERSION = 1;
				DEVELOPMENT_TEAM = K9947R9LK8;
				GENERATE_INFOPLIST_FILE = YES;
				MACOSX_DEPLOYMENT_TARGET = 12.4;
				MARKETING_VERSION = 1.0;
				PRODUCT_BUNDLE_IDENTIFIER = "YY-team.ProblemSolvingMentoringSessionTests";
				PRODUCT_NAME = "$(TARGET_NAME)";
				SWIFT_EMIT_LOC_STRINGS = NO;
				SWIFT_VERSION = 5.0;
			};
			name = Debug;
		};
		8D4300AC29EFE30D007BDE1A /* Release */ = {
			isa = XCBuildConfiguration;
			buildSettings = {
				ALWAYS_EMBED_SWIFT_STANDARD_LIBRARIES = YES;
				"CODE_SIGN_IDENTITY[sdk=macosx*]" = "-";
				CODE_SIGN_STYLE = Automatic;
				CURRENT_PROJECT_VERSION = 1;
				DEVELOPMENT_TEAM = K9947R9LK8;
				GENERATE_INFOPLIST_FILE = YES;
				MACOSX_DEPLOYMENT_TARGET = 12.4;
				MARKETING_VERSION = 1.0;
				PRODUCT_BUNDLE_IDENTIFIER = "YY-team.ProblemSolvingMentoringSessionTests";
				PRODUCT_NAME = "$(TARGET_NAME)";
				SWIFT_EMIT_LOC_STRINGS = NO;
				SWIFT_VERSION = 5.0;
			};
			name = Release;
		};
/* End XCBuildConfiguration section */

/* Begin XCConfigurationList section */
		8D43008F29EFE30D007BDE1A /* Build configuration list for PBXProject "ProblemSolvingMentoringSession" */ = {
			isa = XCConfigurationList;
			buildConfigurations = (
				8D4300A529EFE30D007BDE1A /* Debug */,
				8D4300A629EFE30D007BDE1A /* Release */,
			);
			defaultConfigurationIsVisible = 0;
			defaultConfigurationName = Release;
		};
		8D4300A729EFE30D007BDE1A /* Build configuration list for PBXNativeTarget "ProblemSolvingMentoringSession" */ = {
			isa = XCConfigurationList;
			buildConfigurations = (
				8D4300A829EFE30D007BDE1A /* Debug */,
				8D4300A929EFE30D007BDE1A /* Release */,
			);
			defaultConfigurationIsVisible = 0;
			defaultConfigurationName = Release;
		};
		8D4300AA29EFE30D007BDE1A /* Build configuration list for PBXNativeTarget "ProblemSolvingMentoringSessionTests" */ = {
			isa = XCConfigurationList;
			buildConfigurations = (
				8D4300AB29EFE30D007BDE1A /* Debug */,
				8D4300AC29EFE30D007BDE1A /* Release */,
			);
			defaultConfigurationIsVisible = 0;
			defaultConfigurationName = Release;
		};
/* End XCConfigurationList section */
	};
	rootObject = 8D43008C29EFE30D007BDE1A /* Project object */;
}
